PODS:
  - AFDateHelper (3.4.2)
  - Alamofire (3.3.1)
  - Bolts (1.8.4):
    - Bolts/AppLinks (= 1.8.4)
    - Bolts/Tasks (= 1.8.4)
  - Bolts/AppLinks (1.8.4):
    - Bolts/Tasks
  - Bolts/Tasks (1.8.4)
  - Branch (0.12.20):
    - Branch/Core (= 0.12.20)
    - Branch/without-IDFA (= 0.12.20)
  - Branch/Core (0.12.20)
  - Branch/without-IDFA (0.12.20)
  - Crashlytics (3.8.3):
    - Fabric (~> 1.6.3)
  - Fabric (1.6.11)
  - FBSDKCoreKit (4.17.0):
    - Bolts (~> 1.7)
  - Firebase/Core (3.11.0):
    - FirebaseAnalytics (= 3.6.0)
    - FirebaseCore (= 3.4.6)
  - Firebase/Database (3.11.0):
    - Firebase/Core
    - FirebaseDatabase (= 3.1.1)
  - Firebase/DynamicLinks (3.11.0):
    - Firebase/Core
    - FirebaseDynamicLinks (= 1.3.2)
  - FirebaseAnalytics (3.6.0):
    - FirebaseCore (~> 3.4)
    - FirebaseInstanceID (~> 1.0)
    - GoogleInterchangeUtilities (~> 1.2)
    - GoogleSymbolUtilities (~> 1.1)
    - GoogleToolboxForMac/NSData+zlib (~> 2.1)
  - FirebaseCore (3.4.6):
    - GoogleInterchangeUtilities (~> 1.2)
    - GoogleToolboxForMac/NSData+zlib (~> 2.1)
  - FirebaseDatabase (3.1.1):
    - FirebaseAnalytics (~> 3.5)
  - FirebaseDynamicLinks (1.3.2):
    - FirebaseAnalytics (~> 3.6)
  - FirebaseInstanceID (1.0.8)
  - GoogleInterchangeUtilities (1.2.2):
    - GoogleSymbolUtilities (~> 1.1)
  - GoogleSymbolUtilities (1.1.2)
  - GoogleToolboxForMac/Defines (2.1.0)
  - GoogleToolboxForMac/NSData+zlib (2.1.0):
    - GoogleToolboxForMac/Defines (= 2.1.0)
  - iCarousel (1.8.3)
  - Mixpanel (3.0.8):
    - Mixpanel/Mixpanel (= 3.0.8)
  - Mixpanel/Mixpanel (3.0.8)
  - pop (1.0.9)
  - SDWebImage (3.8.2):
    - SDWebImage/Core (= 3.8.2)
  - SDWebImage/Core (3.8.2)
  - SlideMenuControllerSwift (2.2.3)
  - SwiftyJSON (2.4.0)
  - TTTAttributedLabel (2.0.0)
  - XCGLogger (3.6.0)

DEPENDENCIES:
  - AFDateHelper
  - Alamofire (~> 3.3.1)
  - Branch
  - Crashlytics
  - Fabric
  - FBSDKCoreKit (= 4.17.0)
  - Firebase/Core
  - Firebase/Database
  - Firebase/DynamicLinks
  - iCarousel
  - Mixpanel
  - pop (from `https://github.com/facebook/pop.git`)
  - SDWebImage (~> 3.7)
  - SlideMenuControllerSwift (= 2.2.3)
  - SwiftyJSON (~> 2.4.0)
  - TTTAttributedLabel
  - XCGLogger (~> 3.2)

EXTERNAL SOURCES:
  pop:
    :git: https://github.com/facebook/pop.git

CHECKOUT OPTIONS:
  pop:
    :commit: 68796e3b2dfcabf1c395e4dccaf1f91b06018b30
    :git: https://github.com/facebook/pop.git

SPEC CHECKSUMS:
  AFDateHelper: aecee6bb264d6531795649f4ebac47783d2bab74
  Alamofire: 369bc67b6f5ac33ded3648d7bd21c5bfb91c2ecc
  Bolts: 8a7995239dbe724f9cba2248b766d48b7ebdd322
  Branch: a2c085213fd3953c241ad63aa49f4435bfc84da7
  Crashlytics: 2b6dbe138a42395577cfa73dfa1aa7248cadf39e
  Fabric: 5911403591946b8228ab1c51d98f1d7137e863c6
  FBSDKCoreKit: 30a21d2d7b92984b3d80497113433c00824c35e9
  Firebase: b8134e285eb33201115bc688bc5d7f112923bc1f
  FirebaseAnalytics: 9c67af0ebeb8d2146c9b4ea2616439affa947b58
  FirebaseCore: 03da1cb32615569bbc2830a22f9ad753d9a02ef5
  FirebaseDatabase: 6de92187481ff0e8e124064f21742e95ee883b02
  FirebaseDynamicLinks: c135f328a320316f0095f24aa599ff832fdebcec
  FirebaseInstanceID: ba1e640935235e5fac39dfa816fe7660e72e1a8a
  GoogleInterchangeUtilities: d5bc4d88d5b661ab72f9d70c58d02ca8c27ad1f7
  GoogleSymbolUtilities: 631ee17048aa5e9ab133470d768ea997a5ef9b96
  GoogleToolboxForMac: 2b2596cbb7186865e98cadf2b1e262d851c2b168
  iCarousel: d782f635afac190c49bb8ee455882284cff8b85f
  Mixpanel: 550a23d5dd95f8e9cda21e697661ffddbc8da46b
  pop: f667631a5108a2e60d9e8797c9b32ddaf2080bce
  SDWebImage: 098e97e6176540799c27e804c96653ee0833d13c
  SlideMenuControllerSwift: 4027f69b0a27460de9f730610c73229432b2613e
  SwiftyJSON: 96918c1bf505efa50c4f72957018dd3452090c9c
  TTTAttributedLabel: 8cffe8e127e4e82ff3af1e5386d4cd0ad000b656
  XCGLogger: 53a3efe22e228e8b25ed8184bc074c2b06d48490

PODFILE CHECKSUM: 5e772a52d2d86d97f43de4983f5bea59e99ee42f

COCOAPODS: 1.1.1
