// !$*UTF8*$!
{
	archiveVersion = 1;
	classes = {
	};
	objectVersion = 46;
	objects = {

/* Begin PBXBuildFile section */
		C7B47B6E1E26FD2A00D441BC /* AppDelegate.swift in Sources */ = {isa = PBXBuildFile; fileRef = C7B47B6D1E26FD2A00D441BC /* AppDelegate.swift */; };
		C7B47B701E26FD2A00D441BC /* ViewController.swift in Sources */ = {isa = PBXBuildFile; fileRef = C7B47B6F1E26FD2A00D441BC /* ViewController.swift */; };
		C7B47B731E26FD2A00D441BC /* Main.storyboard in Resources */ = {isa = PBXBuildFile; fileRef = C7B47B711E26FD2A00D441BC /* Main.storyboard */; };
		C7B47B751E26FD2A00D441BC /* Assets.xcassets in Resources */ = {isa = PBXBuildFile; fileRef = C7B47B741E26FD2A00D441BC /* Assets.xcassets */; };
		C7B47B781E26FD2A00D441BC /* LaunchScreen.storyboard in Resources */ = {isa = PBXBuildFile; fileRef = C7B47B761E26FD2A00D441BC /* LaunchScreen.storyboard */; };
		C7B47B811E270D2600D441BC /* AdSupport.framework in Frameworks */ = {isa = PBXBuildFile; fileRef = C7B47B801E270D2600D441BC /* AdSupport.framework */; };
		C7B47B831E270D2E00D441BC /* SpriteKit.framework in Frameworks */ = {isa = PBXBuildFile; fileRef = C7B47B821E270D2E00D441BC /* SpriteKit.framework */; };
		C7B47B861E2805F100D441BC /* GoogleService-Info.plist in Resources */ = {isa = PBXBuildFile; fileRef = C7B47B851E2805F100D441BC /* GoogleService-Info.plist */; };
		C7B47B9D1E2807F800D441BC /* KSToken.swift in Sources */ = {isa = PBXBuildFile; fileRef = C7B47B991E2807F800D441BC /* KSToken.swift */; };
		C7B47B9E1E2807F800D441BC /* KSTokenField.swift in Sources */ = {isa = PBXBuildFile; fileRef = C7B47B9A1E2807F800D441BC /* KSTokenField.swift */; };
		C7B47B9F1E2807F800D441BC /* KSTokenView.swift in Sources */ = {isa = PBXBuildFile; fileRef = C7B47B9B1E2807F800D441BC /* KSTokenView.swift */; };
		C7B47BA01E2807F800D441BC /* KSUtils.swift in Sources */ = {isa = PBXBuildFile; fileRef = C7B47B9C1E2807F800D441BC /* KSUtils.swift */; };
		C7B47BBA1E28086A00D441BC /* ArrayExtension.swift in Sources */ = {isa = PBXBuildFile; fileRef = C7B47BA31E28086A00D441BC /* ArrayExtension.swift */; };
		C7B47BBB1E28086A00D441BC /* ConsoleButtons.xib in Resources */ = {isa = PBXBuildFile; fileRef = C7B47BA41E28086A00D441BC /* ConsoleButtons.xib */; };
		C7B47BBC1E28086A00D441BC /* ExSlideMenuController.swift in Sources */ = {isa = PBXBuildFile; fileRef = C7B47BA51E28086A00D441BC /* ExSlideMenuController.swift */; };
		C7B47BBD1E28086A00D441BC /* NSDateExtension.swift in Sources */ = {isa = PBXBuildFile; fileRef = C7B47BA61E28086A00D441BC /* NSDateExtension.swift */; };
		C7B47BBE1E28086A00D441BC /* StringExtension.swift in Sources */ = {isa = PBXBuildFile; fileRef = C7B47BA71E28086A00D441BC /* StringExtension.swift */; };
		C7B47BBF1E28086A00D441BC /* TRApplicationManager.swift in Sources */ = {isa = PBXBuildFile; fileRef = C7B47BA81E28086A00D441BC /* TRApplicationManager.swift */; };
		C7B47BC01E28086A00D441BC /* TRBranchManager.swift in Sources */ = {isa = PBXBuildFile; fileRef = C7B47BA91E28086A00D441BC /* TRBranchManager.swift */; };
		C7B47BC11E28086A00D441BC /* TRBungieLoginValidation.swift in Sources */ = {isa = PBXBuildFile; fileRef = C7B47BAA1E28086A00D441BC /* TRBungieLoginValidation.swift */; };
		C7B47BC21E28086A00D441BC /* TRDeepLinkObject.swift in Sources */ = {isa = PBXBuildFile; fileRef = C7B47BAB1E28086A00D441BC /* TRDeepLinkObject.swift */; };
		C7B47BC31E28086A00D441BC /* TRFireBaseManager.swift in Sources */ = {isa = PBXBuildFile; fileRef = C7B47BAC1E28086A00D441BC /* TRFireBaseManager.swift */; };
		C7B47BC41E28086A00D441BC /* TRFunnelData.swift in Sources */ = {isa = PBXBuildFile; fileRef = C7B47BAD1E28086A00D441BC /* TRFunnelData.swift */; };
		C7B47BC51E28086A00D441BC /* TRInsertLabel.swift in Sources */ = {isa = PBXBuildFile; fileRef = C7B47BAE1E28086A00D441BC /* TRInsertLabel.swift */; };
		C7B47BC61E28086A00D441BC /* TRKeyChainHelper.swift in Sources */ = {isa = PBXBuildFile; fileRef = C7B47BAF1E28086A00D441BC /* TRKeyChainHelper.swift */; };
		C7B47BC71E28086A00D441BC /* TRNavInteractionAnimator.swift in Sources */ = {isa = PBXBuildFile; fileRef = C7B47BB01E28086A00D441BC /* TRNavInteractionAnimator.swift */; };
		C7B47BC81E28086A00D441BC /* TRNavTransitionAnimator.swift in Sources */ = {isa = PBXBuildFile; fileRef = C7B47BB11E28086A00D441BC /* TRNavTransitionAnimator.swift */; };
		C7B47BC91E28086A00D441BC /* TRPushNotiController.swift in Sources */ = {isa = PBXBuildFile; fileRef = C7B47BB21E28086A00D441BC /* TRPushNotiController.swift */; };
		C7B47BCA1E28086A00D441BC /* TRPushNotification.swift in Sources */ = {isa = PBXBuildFile; fileRef = C7B47BB31E28086A00D441BC /* TRPushNotification.swift */; };
		C7B47BCB1E28086A00D441BC /* TRStoryBoardManager.swift in Sources */ = {isa = PBXBuildFile; fileRef = C7B47BB41E28086A00D441BC /* TRStoryBoardManager.swift */; };
		C7B47BCC1E28086A00D441BC /* UIApplicationExtension.swift in Sources */ = {isa = PBXBuildFile; fileRef = C7B47BB51E28086A00D441BC /* UIApplicationExtension.swift */; };
		C7B47BCD1E28086A00D441BC /* UISegmentedControlExtension.swift in Sources */ = {isa = PBXBuildFile; fileRef = C7B47BB61E28086A00D441BC /* UISegmentedControlExtension.swift */; };
		C7B47BCE1E28086A00D441BC /* UIViewExtension.swift in Sources */ = {isa = PBXBuildFile; fileRef = C7B47BB71E28086A00D441BC /* UIViewExtension.swift */; };
		C7B47BCF1E28086A00D441BC /* Utility.swift in Sources */ = {isa = PBXBuildFile; fileRef = C7B47BB81E28086A00D441BC /* Utility.swift */; };
		C7B47BD01E28086A00D441BC /* ViewControllerExtension.swift in Sources */ = {isa = PBXBuildFile; fileRef = C7B47BB91E28086A00D441BC /* ViewControllerExtension.swift */; };
		C7B47BF71E2809DF00D441BC /* NSBundleExtension.swift in Sources */ = {isa = PBXBuildFile; fileRef = C7B47BD21E2809DF00D441BC /* NSBundleExtension.swift */; };
		C7B47BF81E2809DF00D441BC /* TRAcceptEventInvitationRequest.swift in Sources */ = {isa = PBXBuildFile; fileRef = C7B47BD31E2809DF00D441BC /* TRAcceptEventInvitationRequest.swift */; };
		C7B47BF91E2809DF00D441BC /* TRAddConsole.swift in Sources */ = {isa = PBXBuildFile; fileRef = C7B47BD41E2809DF00D441BC /* TRAddConsole.swift */; };
		C7B47BFA1E2809DF00D441BC /* TRAppTrackingRequest.swift in Sources */ = {isa = PBXBuildFile; fileRef = C7B47BD51E2809DF00D441BC /* TRAppTrackingRequest.swift */; };
		C7B47BFB1E2809DF00D441BC /* TRAuthenticationRequest.swift in Sources */ = {isa = PBXBuildFile; fileRef = C7B47BD61E2809DF00D441BC /* TRAuthenticationRequest.swift */; };
		C7B47BFC1E2809DF00D441BC /* TRBungieInvitationCompletionRequest.swift in Sources */ = {isa = PBXBuildFile; fileRef = C7B47BD71E2809DF00D441BC /* TRBungieInvitationCompletionRequest.swift */; };
		C7B47BFD1E2809DF00D441BC /* TRBungieUserAuthRequest.swift in Sources */ = {isa = PBXBuildFile; fileRef = C7B47BD81E2809DF00D441BC /* TRBungieUserAuthRequest.swift */; };
		C7B47BFE1E2809DF00D441BC /* TRCancelEventInvitationRequest.swift in Sources */ = {isa = PBXBuildFile; fileRef = C7B47BD91E2809DF00D441BC /* TRCancelEventInvitationRequest.swift */; };
		C7B47BFF1E2809DF00D441BC /* TRChangeConsoleRequest.swift in Sources */ = {isa = PBXBuildFile; fileRef = C7B47BDA1E2809DF00D441BC /* TRChangeConsoleRequest.swift */; };
		C7B47C001E2809DF00D441BC /* TRCreateAReportRequest.swift in Sources */ = {isa = PBXBuildFile; fileRef = C7B47BDB1E2809DF00D441BC /* TRCreateAReportRequest.swift */; };
		C7B47C011E2809DF00D441BC /* TRCreateEventRequest.swift in Sources */ = {isa = PBXBuildFile; fileRef = C7B47BDC1E2809DF00D441BC /* TRCreateEventRequest.swift */; };
		C7B47C021E2809DF00D441BC /* TRDeviceTokenRequest.swift in Sources */ = {isa = PBXBuildFile; fileRef = C7B47BDD1E2809DF00D441BC /* TRDeviceTokenRequest.swift */; };
		C7B47C031E2809DF00D441BC /* TRFetchBungieUser.swift in Sources */ = {isa = PBXBuildFile; fileRef = C7B47BDE1E2809DF00D441BC /* TRFetchBungieUser.swift */; };
		C7B47C041E2809DF00D441BC /* TRForgotPasswordRequest.swift in Sources */ = {isa = PBXBuildFile; fileRef = C7B47BDF1E2809DF00D441BC /* TRForgotPasswordRequest.swift */; };
		C7B47C051E2809DF00D441BC /* TRgetActivityList.swift in Sources */ = {isa = PBXBuildFile; fileRef = C7B47BE01E2809DF00D441BC /* TRgetActivityList.swift */; };
		C7B47C061E2809DF00D441BC /* TRGetAllDestinyGroups.swift in Sources */ = {isa = PBXBuildFile; fileRef = C7B47BE11E2809DF00D441BC /* TRGetAllDestinyGroups.swift */; };
		C7B47C071E2809DF00D441BC /* TRGetConfigRequest.swift in Sources */ = {isa = PBXBuildFile; fileRef = C7B47BE21E2809DF00D441BC /* TRGetConfigRequest.swift */; };
		C7B47C081E2809DF00D441BC /* TRGetEventRequest.swift in Sources */ = {isa = PBXBuildFile; fileRef = C7B47BE31E2809DF00D441BC /* TRGetEventRequest.swift */; };
		C7B47C091E2809DF00D441BC /* TRGetEventsList.swift in Sources */ = {isa = PBXBuildFile; fileRef = C7B47BE41E2809DF00D441BC /* TRGetEventsList.swift */; };
		C7B47C0A1E2809DF00D441BC /* TRGetGroupByIDRequest.swift in Sources */ = {isa = PBXBuildFile; fileRef = C7B47BE51E2809DF00D441BC /* TRGetGroupByIDRequest.swift */; };
		C7B47C0B1E2809DF00D441BC /* TRGetUserRequest.swift in Sources */ = {isa = PBXBuildFile; fileRef = C7B47BE61E2809DF00D441BC /* TRGetUserRequest.swift */; };
		C7B47C0C1E2809DF00D441BC /* TRGroupNotificationUpdateRequest.swift in Sources */ = {isa = PBXBuildFile; fileRef = C7B47BE71E2809DF00D441BC /* TRGroupNotificationUpdateRequest.swift */; };
		C7B47C0D1E2809DF00D441BC /* TRHelmetUpdateRequest.swift in Sources */ = {isa = PBXBuildFile; fileRef = C7B47BE81E2809DF00D441BC /* TRHelmetUpdateRequest.swift */; };
		C7B47C0E1E2809DF00D441BC /* TRInvitePlayersRequest.swift in Sources */ = {isa = PBXBuildFile; fileRef = C7B47BE91E2809DF00D441BC /* TRInvitePlayersRequest.swift */; };
		C7B47C0F1E2809DF00D441BC /* TRInviteRequestToBungie.swift in Sources */ = {isa = PBXBuildFile; fileRef = C7B47BEA1E2809DF00D441BC /* TRInviteRequestToBungie.swift */; };
		C7B47C101E2809DF00D441BC /* TRJoinEventRequest.swift in Sources */ = {isa = PBXBuildFile; fileRef = C7B47BEB1E2809DF00D441BC /* TRJoinEventRequest.swift */; };
		C7B47C111E2809DF00D441BC /* TRKickInActiveUserRequest.swift in Sources */ = {isa = PBXBuildFile; fileRef = C7B47BEC1E2809DF00D441BC /* TRKickInActiveUserRequest.swift */; };
		C7B47C121E2809DF00D441BC /* TRLeaveEventRequest.swift in Sources */ = {isa = PBXBuildFile; fileRef = C7B47BED1E2809DF00D441BC /* TRLeaveEventRequest.swift */; };
		C7B47C131E2809DF00D441BC /* TRPublicFeedRequest.swift in Sources */ = {isa = PBXBuildFile; fileRef = C7B47BEE1E2809DF00D441BC /* TRPublicFeedRequest.swift */; };
		C7B47C141E2809DF00D441BC /* TRReportComment.swift in Sources */ = {isa = PBXBuildFile; fileRef = C7B47BEF1E2809DF00D441BC /* TRReportComment.swift */; };
		C7B47C151E2809DF00D441BC /* TRRequest.swift in Sources */ = {isa = PBXBuildFile; fileRef = C7B47BF01E2809DF00D441BC /* TRRequest.swift */; };
		C7B47C161E2809DF00D441BC /* TRRequestUpdateLegalRequest.swift in Sources */ = {isa = PBXBuildFile; fileRef = C7B47BF11E2809DF00D441BC /* TRRequestUpdateLegalRequest.swift */; };
		C7B47C171E2809DF00D441BC /* TRResendBungieVerification.swift in Sources */ = {isa = PBXBuildFile; fileRef = C7B47BF21E2809DF00D441BC /* TRResendBungieVerification.swift */; };
		C7B47C181E2809DF00D441BC /* TRSendPushMessage.swift in Sources */ = {isa = PBXBuildFile; fileRef = C7B47BF31E2809DF00D441BC /* TRSendPushMessage.swift */; };
		C7B47C191E2809DF00D441BC /* TRUpdateGroupRequest.swift in Sources */ = {isa = PBXBuildFile; fileRef = C7B47BF41E2809DF00D441BC /* TRUpdateGroupRequest.swift */; };
		C7B47C1A1E2809DF00D441BC /* TRUpdateUser.swift in Sources */ = {isa = PBXBuildFile; fileRef = C7B47BF51E2809DF00D441BC /* TRUpdateUser.swift */; };
		C7B47C1B1E2809DF00D441BC /* TRUpdateUserGroupRequest.swift in Sources */ = {isa = PBXBuildFile; fileRef = C7B47BF61E2809DF00D441BC /* TRUpdateUserGroupRequest.swift */; };
		C7B47C2D1E2809FC00D441BC /* TRActiveStatePushInfo.swift in Sources */ = {isa = PBXBuildFile; fileRef = C7B47C1D1E2809FC00D441BC /* TRActiveStatePushInfo.swift */; };
		C7B47C2E1E2809FC00D441BC /* TRActivityBonus.swift in Sources */ = {isa = PBXBuildFile; fileRef = C7B47C1E1E2809FC00D441BC /* TRActivityBonus.swift */; };
		C7B47C2F1E2809FC00D441BC /* TRActivityInfo.swift in Sources */ = {isa = PBXBuildFile; fileRef = C7B47C1F1E2809FC00D441BC /* TRActivityInfo.swift */; };
		C7B47C301E2809FC00D441BC /* TRActivityModifiersInfo.swift in Sources */ = {isa = PBXBuildFile; fileRef = C7B47C201E2809FC00D441BC /* TRActivityModifiersInfo.swift */; };
		C7B47C311E2809FC00D441BC /* TRAdCardInfo.swift in Sources */ = {isa = PBXBuildFile; fileRef = C7B47C211E2809FC00D441BC /* TRAdCardInfo.swift */; };
		C7B47C321E2809FC00D441BC /* TRBungieGroupInfo.swift in Sources */ = {isa = PBXBuildFile; fileRef = C7B47C221E2809FC00D441BC /* TRBungieGroupInfo.swift */; };
		C7B47C331E2809FC00D441BC /* TRCommentInfo.swift in Sources */ = {isa = PBXBuildFile; fileRef = C7B47C231E2809FC00D441BC /* TRCommentInfo.swift */; };
		C7B47C341E2809FC00D441BC /* TRConfigInfo.swift in Sources */ = {isa = PBXBuildFile; fileRef = C7B47C241E2809FC00D441BC /* TRConfigInfo.swift */; };
		C7B47C351E2809FC00D441BC /* TRConsoles.swift in Sources */ = {isa = PBXBuildFile; fileRef = C7B47C251E2809FC00D441BC /* TRConsoles.swift */; };
		C7B47C361E2809FC00D441BC /* TRCreatorInfo.swift in Sources */ = {isa = PBXBuildFile; fileRef = C7B47C261E2809FC00D441BC /* TRCreatorInfo.swift */; };
		C7B47C371E2809FC00D441BC /* TREventInfo.swift in Sources */ = {isa = PBXBuildFile; fileRef = C7B47C271E2809FC00D441BC /* TREventInfo.swift */; };
		C7B47C381E2809FC00D441BC /* TRInvitationInfo.swift in Sources */ = {isa = PBXBuildFile; fileRef = C7B47C281E2809FC00D441BC /* TRInvitationInfo.swift */; };
		C7B47C391E2809FC00D441BC /* TRLegalInfo.swift in Sources */ = {isa = PBXBuildFile; fileRef = C7B47C291E2809FC00D441BC /* TRLegalInfo.swift */; };
		C7B47C3A1E2809FC00D441BC /* TRLocationInfo.swift in Sources */ = {isa = PBXBuildFile; fileRef = C7B47C2A1E2809FC00D441BC /* TRLocationInfo.swift */; };
		C7B47C3B1E2809FC00D441BC /* TRPlayerInfo.swift in Sources */ = {isa = PBXBuildFile; fileRef = C7B47C2B1E2809FC00D441BC /* TRPlayerInfo.swift */; };
		C7B47C3C1E2809FC00D441BC /* TRUserInfo.swift in Sources */ = {isa = PBXBuildFile; fileRef = C7B47C2C1E2809FC00D441BC /* TRUserInfo.swift */; };
		C7B47C541E280E7100D441BC /* EventButton.swift in Sources */ = {isa = PBXBuildFile; fileRef = C7B47C3D1E280E7100D441BC /* EventButton.swift */; };
		C7B47C551E280E7100D441BC /* TRActivityIndicatorView.swift in Sources */ = {isa = PBXBuildFile; fileRef = C7B47C3E1E280E7100D441BC /* TRActivityIndicatorView.swift */; };
		C7B47C561E280E7100D441BC /* TRActivityIndicatorView.xib in Resources */ = {isa = PBXBuildFile; fileRef = C7B47C3F1E280E7100D441BC /* TRActivityIndicatorView.xib */; };
		C7B47C571E280E7100D441BC /* TRActivitySelectionCell.swift in Sources */ = {isa = PBXBuildFile; fileRef = C7B47C401E280E7100D441BC /* TRActivitySelectionCell.swift */; };
		C7B47C581E280E7100D441BC /* TRActivitySelectionCell.xib in Resources */ = {isa = PBXBuildFile; fileRef = C7B47C411E280E7100D441BC /* TRActivitySelectionCell.xib */; };
		C7B47C591E280E7100D441BC /* TRBungieGroupCell.swift in Sources */ = {isa = PBXBuildFile; fileRef = C7B47C421E280E7100D441BC /* TRBungieGroupCell.swift */; };
		C7B47C5A1E280E7100D441BC /* TRBungieGroupCell.xib in Resources */ = {isa = PBXBuildFile; fileRef = C7B47C431E280E7100D441BC /* TRBungieGroupCell.xib */; };
		C7B47C5B1E280E7100D441BC /* TRCaroselCellView.swift in Sources */ = {isa = PBXBuildFile; fileRef = C7B47C441E280E7100D441BC /* TRCaroselCellView.swift */; };
		C7B47C5C1E280E7100D441BC /* TRCaroselCellView.xib in Resources */ = {isa = PBXBuildFile; fileRef = C7B47C451E280E7100D441BC /* TRCaroselCellView.xib */; };
		C7B47C5D1E280E7100D441BC /* TRErrorNotificationView.swift in Sources */ = {isa = PBXBuildFile; fileRef = C7B47C461E280E7100D441BC /* TRErrorNotificationView.swift */; };
		C7B47C5E1E280E7100D441BC /* TRErrorNotificationView.xib in Resources */ = {isa = PBXBuildFile; fileRef = C7B47C471E280E7100D441BC /* TRErrorNotificationView.xib */; };
		C7B47C5F1E280E7100D441BC /* TREventInfoPlayerCell.swift in Sources */ = {isa = PBXBuildFile; fileRef = C7B47C481E280E7100D441BC /* TREventInfoPlayerCell.swift */; };
		C7B47C601E280E7100D441BC /* TREventInfoPlayerCell.xib in Resources */ = {isa = PBXBuildFile; fileRef = C7B47C491E280E7100D441BC /* TREventInfoPlayerCell.xib */; };
		C7B47C611E280E7100D441BC /* TRInviteView.swift in Sources */ = {isa = PBXBuildFile; fileRef = C7B47C4A1E280E7100D441BC /* TRInviteView.swift */; };
		C7B47C621E280E7100D441BC /* TRInviteView.xib in Resources */ = {isa = PBXBuildFile; fileRef = C7B47C4B1E280E7100D441BC /* TRInviteView.xib */; };
		C7B47C631E280E7100D441BC /* TRPushNotificationView.swift in Sources */ = {isa = PBXBuildFile; fileRef = C7B47C4C1E280E7100D441BC /* TRPushNotificationView.swift */; };
		C7B47C641E280E7100D441BC /* TRPushNotificationView.xib in Resources */ = {isa = PBXBuildFile; fileRef = C7B47C4D1E280E7100D441BC /* TRPushNotificationView.xib */; };
		C7B47C651E280E7100D441BC /* TRSendChatMessageView.swift in Sources */ = {isa = PBXBuildFile; fileRef = C7B47C4E1E280E7100D441BC /* TRSendChatMessageView.swift */; };
		C7B47C661E280E7100D441BC /* TRSendChatMessageView.xib in Resources */ = {isa = PBXBuildFile; fileRef = C7B47C4F1E280E7100D441BC /* TRSendChatMessageView.xib */; };
		C7B47C671E280E7100D441BC /* TRVerificationPromptView.swift in Sources */ = {isa = PBXBuildFile; fileRef = C7B47C501E280E7100D441BC /* TRVerificationPromptView.swift */; };
		C7B47C681E280E7100D441BC /* TRVerificationPromptView.xib in Resources */ = {isa = PBXBuildFile; fileRef = C7B47C511E280E7100D441BC /* TRVerificationPromptView.xib */; };
		C7B47C691E280E7100D441BC /* TRWebView.swift in Sources */ = {isa = PBXBuildFile; fileRef = C7B47C521E280E7100D441BC /* TRWebView.swift */; };
		C7B47C6A1E280E7100D441BC /* TRWebView.xib in Resources */ = {isa = PBXBuildFile; fileRef = C7B47C531E280E7100D441BC /* TRWebView.xib */; };
		C7B47C6D1E280EA700D441BC /* TRBaseEventTableCell.swift in Sources */ = {isa = PBXBuildFile; fileRef = C7B47C6C1E280EA700D441BC /* TRBaseEventTableCell.swift */; };
		C7B47C711E280EC500D441BC /* TREventActivityCardCell.swift in Sources */ = {isa = PBXBuildFile; fileRef = C7B47C6F1E280EC500D441BC /* TREventActivityCardCell.swift */; };
		C7B47C721E280EC500D441BC /* TREventActivityCardCell.xib in Resources */ = {isa = PBXBuildFile; fileRef = C7B47C701E280EC500D441BC /* TREventActivityCardCell.xib */; };
		C7B47C781E280EFA00D441BC /* TREventCurrentNoCheckPointCell.swift in Sources */ = {isa = PBXBuildFile; fileRef = C7B47C741E280EFA00D441BC /* TREventCurrentNoCheckPointCell.swift */; };
		C7B47C791E280EFA00D441BC /* TREventCurrentNoCheckPointCell.xib in Resources */ = {isa = PBXBuildFile; fileRef = C7B47C751E280EFA00D441BC /* TREventCurrentNoCheckPointCell.xib */; };
		C7B47C7A1E280EFA00D441BC /* TREventCurrentWithCheckPointCell.swift in Sources */ = {isa = PBXBuildFile; fileRef = C7B47C761E280EFA00D441BC /* TREventCurrentWithCheckPointCell.swift */; };
		C7B47C7B1E280EFA00D441BC /* TREventCurrentWithCheckPointCell.xib in Resources */ = {isa = PBXBuildFile; fileRef = C7B47C771E280EFA00D441BC /* TREventCurrentWithCheckPointCell.xib */; };
		C7B47C811E280F5100D441BC /* TREventUpcomingNoCheckPointCell.swift in Sources */ = {isa = PBXBuildFile; fileRef = C7B47C7D1E280F5100D441BC /* TREventUpcomingNoCheckPointCell.swift */; };
		C7B47C821E280F5100D441BC /* TREventUpcomingNoCheckPointCell.xib in Resources */ = {isa = PBXBuildFile; fileRef = C7B47C7E1E280F5100D441BC /* TREventUpcomingNoCheckPointCell.xib */; };
		C7B47C831E280F5100D441BC /* TREventUpcomingWithCheckPointCell.swift in Sources */ = {isa = PBXBuildFile; fileRef = C7B47C7F1E280F5100D441BC /* TREventUpcomingWithCheckPointCell.swift */; };
		C7B47C841E280F5100D441BC /* TREventUpcomingWithCheckPointCell.xib in Resources */ = {isa = PBXBuildFile; fileRef = C7B47C801E280F5100D441BC /* TREventUpcomingWithCheckPointCell.xib */; };
		C7B47C8A1E28138500D441BC /* TRActivityCheckPointPicker.swift in Sources */ = {isa = PBXBuildFile; fileRef = C7B47C861E28138500D441BC /* TRActivityCheckPointPicker.swift */; };
		C7B47C8B1E28138500D441BC /* TRActivityCheckPointPicker.xib in Resources */ = {isa = PBXBuildFile; fileRef = C7B47C871E28138500D441BC /* TRActivityCheckPointPicker.xib */; };
		C7B47C8C1E28138500D441BC /* TRDatePicker.swift in Sources */ = {isa = PBXBuildFile; fileRef = C7B47C881E28138500D441BC /* TRDatePicker.swift */; };
		C7B47C8D1E28138500D441BC /* TRDatePicker.xib in Resources */ = {isa = PBXBuildFile; fileRef = C7B47C891E28138500D441BC /* TRDatePicker.xib */; };
		C7B47C931E2813AC00D441BC /* TREventCommentCell.swift in Sources */ = {isa = PBXBuildFile; fileRef = C7B47C8F1E2813AC00D441BC /* TREventCommentCell.swift */; };
		C7B47C941E2813AC00D441BC /* TREventCommentCell.xib in Resources */ = {isa = PBXBuildFile; fileRef = C7B47C901E2813AC00D441BC /* TREventCommentCell.xib */; };
		C7B47C951E2813AC00D441BC /* TREventDescriptionCell.swift in Sources */ = {isa = PBXBuildFile; fileRef = C7B47C911E2813AC00D441BC /* TREventDescriptionCell.swift */; };
		C7B47C961E2813AC00D441BC /* TREventDescriptionCell.xib in Resources */ = {isa = PBXBuildFile; fileRef = C7B47C921E2813AC00D441BC /* TREventDescriptionCell.xib */; };
		C7B47C9D1E2816F200D441BC /* TRCustomError.swift in Sources */ = {isa = PBXBuildFile; fileRef = C7B47C981E2816F200D441BC /* TRCustomError.swift */; };
		C7B47C9E1E2816F200D441BC /* TRCustomError.xib in Resources */ = {isa = PBXBuildFile; fileRef = C7B47C991E2816F200D441BC /* TRCustomError.xib */; };
		C7B47C9F1E2816F200D441BC /* TRCustomErrorUserAction.xib in Resources */ = {isa = PBXBuildFile; fileRef = C7B47C9A1E2816F200D441BC /* TRCustomErrorUserAction.xib */; };
		C7B47CA01E2816F200D441BC /* TRErrorView.swift in Sources */ = {isa = PBXBuildFile; fileRef = C7B47C9B1E2816F200D441BC /* TRErrorView.swift */; };
		C7B47CA11E2816F200D441BC /* TRErrorView.xib in Resources */ = {isa = PBXBuildFile; fileRef = C7B47C9C1E2816F200D441BC /* TRErrorView.xib */; };
		C7B47CB61E281A0E00D441BC /* TRBaseViewController.swift in Sources */ = {isa = PBXBuildFile; fileRef = C7B47CA51E281A0E00D441BC /* TRBaseViewController.swift */; };
		C7B47CB71E281A0E00D441BC /* TRChangePasswordViewController.swift in Sources */ = {isa = PBXBuildFile; fileRef = C7B47CA61E281A0E00D441BC /* TRChangePasswordViewController.swift */; };
		C7B47CB81E281A0E00D441BC /* TRChooseGroupViewController.swift in Sources */ = {isa = PBXBuildFile; fileRef = C7B47CA71E281A0E00D441BC /* TRChooseGroupViewController.swift */; };
		C7B47CB91E281A0E00D441BC /* TRCreateEventFinalView.swift in Sources */ = {isa = PBXBuildFile; fileRef = C7B47CA81E281A0E00D441BC /* TRCreateEventFinalView.swift */; };
		C7B47CBA1E281A0E00D441BC /* TRCreateEventViewController.swift in Sources */ = {isa = PBXBuildFile; fileRef = C7B47CA91E281A0E00D441BC /* TRCreateEventViewController.swift */; };
		C7B47CBB1E281A0E00D441BC /* TREventDetailViewController.swift in Sources */ = {isa = PBXBuildFile; fileRef = C7B47CAA1E281A0E00D441BC /* TREventDetailViewController.swift */; };
		C7B47CBC1E281A0E00D441BC /* TREventListViewController.swift in Sources */ = {isa = PBXBuildFile; fileRef = C7B47CAB1E281A0E00D441BC /* TREventListViewController.swift */; };
		C7B47CBD1E281A0E00D441BC /* TRForgotPasswordViewController.swift in Sources */ = {isa = PBXBuildFile; fileRef = C7B47CAC1E281A0E00D441BC /* TRForgotPasswordViewController.swift */; };
		C7B47CBE1E281A0E00D441BC /* TRLegalViewController.swift in Sources */ = {isa = PBXBuildFile; fileRef = C7B47CAD1E281A0E00D441BC /* TRLegalViewController.swift */; };
		C7B47CBF1E281A0E00D441BC /* TRLoginOptionViewController.swift in Sources */ = {isa = PBXBuildFile; fileRef = C7B47CAE1E281A0E00D441BC /* TRLoginOptionViewController.swift */; };
		C7B47CC01E281A0E00D441BC /* TRMessageSentConfViewController.swift in Sources */ = {isa = PBXBuildFile; fileRef = C7B47CAF1E281A0E00D441BC /* TRMessageSentConfViewController.swift */; };
		C7B47CC11E281A0E00D441BC /* TRProfileViewController.swift in Sources */ = {isa = PBXBuildFile; fileRef = C7B47CB01E281A0E00D441BC /* TRProfileViewController.swift */; };
		C7B47CC21E281A0E00D441BC /* TRRootViewController.swift in Sources */ = {isa = PBXBuildFile; fileRef = C7B47CB11E281A0E00D441BC /* TRRootViewController.swift */; };
		C7B47CC31E281A0E00D441BC /* TRSendReportViewController.swift in Sources */ = {isa = PBXBuildFile; fileRef = C7B47CB21E281A0E00D441BC /* TRSendReportViewController.swift */; };
		C7B47CC41E281A0E00D441BC /* TRSignInErrorViewController.swift in Sources */ = {isa = PBXBuildFile; fileRef = C7B47CB31E281A0E00D441BC /* TRSignInErrorViewController.swift */; };
		C7B47CC51E281A0E00D441BC /* TRWebViewViewController.swift in Sources */ = {isa = PBXBuildFile; fileRef = C7B47CB41E281A0E00D441BC /* TRWebViewViewController.swift */; };
		C7B47CC91E281B4F00D441BC /* TRConstants.swift in Sources */ = {isa = PBXBuildFile; fileRef = C7B47CC81E281B4F00D441BC /* TRConstants.swift */; };
		EC74A8F425BF155D1DAB07CF /* Pods_Overwatch.framework in Frameworks */ = {isa = PBXBuildFile; fileRef = ADC97D52C178088E093383CF /* Pods_Overwatch.framework */; };
/* End PBXBuildFile section */

/* Begin PBXFileReference section */
		0787CB42092EA97F3EAC14F1 /* Pods-Overwatch.debug.xcconfig */ = {isa = PBXFileReference; includeInIndex = 1; lastKnownFileType = text.xcconfig; name = "Pods-Overwatch.debug.xcconfig"; path = "Pods/Target Support Files/Pods-Overwatch/Pods-Overwatch.debug.xcconfig"; sourceTree = "<group>"; };
		44485F9F3EB9A61B7168773D /* Pods-Overwatch.release.xcconfig */ = {isa = PBXFileReference; includeInIndex = 1; lastKnownFileType = text.xcconfig; name = "Pods-Overwatch.release.xcconfig"; path = "Pods/Target Support Files/Pods-Overwatch/Pods-Overwatch.release.xcconfig"; sourceTree = "<group>"; };
		ADC97D52C178088E093383CF /* Pods_Overwatch.framework */ = {isa = PBXFileReference; explicitFileType = wrapper.framework; includeInIndex = 0; path = Pods_Overwatch.framework; sourceTree = BUILT_PRODUCTS_DIR; };
		C7B47B6A1E26FD2A00D441BC /* Overwatch.app */ = {isa = PBXFileReference; explicitFileType = wrapper.application; includeInIndex = 0; path = Overwatch.app; sourceTree = BUILT_PRODUCTS_DIR; };
		C7B47B6D1E26FD2A00D441BC /* AppDelegate.swift */ = {isa = PBXFileReference; lastKnownFileType = sourcecode.swift; path = AppDelegate.swift; sourceTree = "<group>"; };
		C7B47B6F1E26FD2A00D441BC /* ViewController.swift */ = {isa = PBXFileReference; lastKnownFileType = sourcecode.swift; path = ViewController.swift; sourceTree = "<group>"; };
		C7B47B721E26FD2A00D441BC /* Base */ = {isa = PBXFileReference; lastKnownFileType = file.storyboard; name = Base; path = Base.lproj/Main.storyboard; sourceTree = "<group>"; };
		C7B47B741E26FD2A00D441BC /* Assets.xcassets */ = {isa = PBXFileReference; lastKnownFileType = folder.assetcatalog; path = Assets.xcassets; sourceTree = "<group>"; };
		C7B47B771E26FD2A00D441BC /* Base */ = {isa = PBXFileReference; lastKnownFileType = file.storyboard; name = Base; path = Base.lproj/LaunchScreen.storyboard; sourceTree = "<group>"; };
		C7B47B791E26FD2A00D441BC /* Info.plist */ = {isa = PBXFileReference; lastKnownFileType = text.plist.xml; path = Info.plist; sourceTree = "<group>"; };
		C7B47B7F1E270AFD00D441BC /* Overwatch-Bridging-Header.h */ = {isa = PBXFileReference; lastKnownFileType = sourcecode.c.h; path = "Overwatch-Bridging-Header.h"; sourceTree = "<group>"; };
		C7B47B801E270D2600D441BC /* AdSupport.framework */ = {isa = PBXFileReference; lastKnownFileType = wrapper.framework; name = AdSupport.framework; path = System/Library/Frameworks/AdSupport.framework; sourceTree = SDKROOT; };
		C7B47B821E270D2E00D441BC /* SpriteKit.framework */ = {isa = PBXFileReference; lastKnownFileType = wrapper.framework; name = SpriteKit.framework; path = System/Library/Frameworks/SpriteKit.framework; sourceTree = SDKROOT; };
		C7B47B841E270D5900D441BC /* Overwatch.entitlements */ = {isa = PBXFileReference; lastKnownFileType = text.xml; path = Overwatch.entitlements; sourceTree = "<group>"; };
		C7B47B851E2805F100D441BC /* GoogleService-Info.plist */ = {isa = PBXFileReference; fileEncoding = 4; lastKnownFileType = text.plist.xml; path = "GoogleService-Info.plist"; sourceTree = "<group>"; };
		C7B47B991E2807F800D441BC /* KSToken.swift */ = {isa = PBXFileReference; fileEncoding = 4; lastKnownFileType = sourcecode.swift; path = KSToken.swift; sourceTree = "<group>"; };
		C7B47B9A1E2807F800D441BC /* KSTokenField.swift */ = {isa = PBXFileReference; fileEncoding = 4; lastKnownFileType = sourcecode.swift; path = KSTokenField.swift; sourceTree = "<group>"; };
		C7B47B9B1E2807F800D441BC /* KSTokenView.swift */ = {isa = PBXFileReference; fileEncoding = 4; lastKnownFileType = sourcecode.swift; path = KSTokenView.swift; sourceTree = "<group>"; };
		C7B47B9C1E2807F800D441BC /* KSUtils.swift */ = {isa = PBXFileReference; fileEncoding = 4; lastKnownFileType = sourcecode.swift; path = KSUtils.swift; sourceTree = "<group>"; };
		C7B47BA31E28086A00D441BC /* ArrayExtension.swift */ = {isa = PBXFileReference; fileEncoding = 4; lastKnownFileType = sourcecode.swift; path = ArrayExtension.swift; sourceTree = "<group>"; };
		C7B47BA41E28086A00D441BC /* ConsoleButtons.xib */ = {isa = PBXFileReference; fileEncoding = 4; lastKnownFileType = file.xib; path = ConsoleButtons.xib; sourceTree = "<group>"; };
		C7B47BA51E28086A00D441BC /* ExSlideMenuController.swift */ = {isa = PBXFileReference; fileEncoding = 4; lastKnownFileType = sourcecode.swift; path = ExSlideMenuController.swift; sourceTree = "<group>"; };
		C7B47BA61E28086A00D441BC /* NSDateExtension.swift */ = {isa = PBXFileReference; fileEncoding = 4; lastKnownFileType = sourcecode.swift; path = NSDateExtension.swift; sourceTree = "<group>"; };
		C7B47BA71E28086A00D441BC /* StringExtension.swift */ = {isa = PBXFileReference; fileEncoding = 4; lastKnownFileType = sourcecode.swift; path = StringExtension.swift; sourceTree = "<group>"; };
		C7B47BA81E28086A00D441BC /* TRApplicationManager.swift */ = {isa = PBXFileReference; fileEncoding = 4; lastKnownFileType = sourcecode.swift; path = TRApplicationManager.swift; sourceTree = "<group>"; };
		C7B47BA91E28086A00D441BC /* TRBranchManager.swift */ = {isa = PBXFileReference; fileEncoding = 4; lastKnownFileType = sourcecode.swift; path = TRBranchManager.swift; sourceTree = "<group>"; };
		C7B47BAA1E28086A00D441BC /* TRBungieLoginValidation.swift */ = {isa = PBXFileReference; fileEncoding = 4; lastKnownFileType = sourcecode.swift; path = TRBungieLoginValidation.swift; sourceTree = "<group>"; };
		C7B47BAB1E28086A00D441BC /* TRDeepLinkObject.swift */ = {isa = PBXFileReference; fileEncoding = 4; lastKnownFileType = sourcecode.swift; path = TRDeepLinkObject.swift; sourceTree = "<group>"; };
		C7B47BAC1E28086A00D441BC /* TRFireBaseManager.swift */ = {isa = PBXFileReference; fileEncoding = 4; lastKnownFileType = sourcecode.swift; path = TRFireBaseManager.swift; sourceTree = "<group>"; };
		C7B47BAD1E28086A00D441BC /* TRFunnelData.swift */ = {isa = PBXFileReference; fileEncoding = 4; lastKnownFileType = sourcecode.swift; path = TRFunnelData.swift; sourceTree = "<group>"; };
		C7B47BAE1E28086A00D441BC /* TRInsertLabel.swift */ = {isa = PBXFileReference; fileEncoding = 4; lastKnownFileType = sourcecode.swift; path = TRInsertLabel.swift; sourceTree = "<group>"; };
		C7B47BAF1E28086A00D441BC /* TRKeyChainHelper.swift */ = {isa = PBXFileReference; fileEncoding = 4; lastKnownFileType = sourcecode.swift; path = TRKeyChainHelper.swift; sourceTree = "<group>"; };
		C7B47BB01E28086A00D441BC /* TRNavInteractionAnimator.swift */ = {isa = PBXFileReference; fileEncoding = 4; lastKnownFileType = sourcecode.swift; path = TRNavInteractionAnimator.swift; sourceTree = "<group>"; };
		C7B47BB11E28086A00D441BC /* TRNavTransitionAnimator.swift */ = {isa = PBXFileReference; fileEncoding = 4; lastKnownFileType = sourcecode.swift; path = TRNavTransitionAnimator.swift; sourceTree = "<group>"; };
		C7B47BB21E28086A00D441BC /* TRPushNotiController.swift */ = {isa = PBXFileReference; fileEncoding = 4; lastKnownFileType = sourcecode.swift; path = TRPushNotiController.swift; sourceTree = "<group>"; };
		C7B47BB31E28086A00D441BC /* TRPushNotification.swift */ = {isa = PBXFileReference; fileEncoding = 4; lastKnownFileType = sourcecode.swift; path = TRPushNotification.swift; sourceTree = "<group>"; };
		C7B47BB41E28086A00D441BC /* TRStoryBoardManager.swift */ = {isa = PBXFileReference; fileEncoding = 4; lastKnownFileType = sourcecode.swift; path = TRStoryBoardManager.swift; sourceTree = "<group>"; };
		C7B47BB51E28086A00D441BC /* UIApplicationExtension.swift */ = {isa = PBXFileReference; fileEncoding = 4; lastKnownFileType = sourcecode.swift; path = UIApplicationExtension.swift; sourceTree = "<group>"; };
		C7B47BB61E28086A00D441BC /* UISegmentedControlExtension.swift */ = {isa = PBXFileReference; fileEncoding = 4; lastKnownFileType = sourcecode.swift; path = UISegmentedControlExtension.swift; sourceTree = "<group>"; };
		C7B47BB71E28086A00D441BC /* UIViewExtension.swift */ = {isa = PBXFileReference; fileEncoding = 4; lastKnownFileType = sourcecode.swift; path = UIViewExtension.swift; sourceTree = "<group>"; };
		C7B47BB81E28086A00D441BC /* Utility.swift */ = {isa = PBXFileReference; fileEncoding = 4; lastKnownFileType = sourcecode.swift; path = Utility.swift; sourceTree = "<group>"; };
		C7B47BB91E28086A00D441BC /* ViewControllerExtension.swift */ = {isa = PBXFileReference; fileEncoding = 4; lastKnownFileType = sourcecode.swift; path = ViewControllerExtension.swift; sourceTree = "<group>"; };
		C7B47BD21E2809DF00D441BC /* NSBundleExtension.swift */ = {isa = PBXFileReference; fileEncoding = 4; lastKnownFileType = sourcecode.swift; path = NSBundleExtension.swift; sourceTree = "<group>"; };
		C7B47BD31E2809DF00D441BC /* TRAcceptEventInvitationRequest.swift */ = {isa = PBXFileReference; fileEncoding = 4; lastKnownFileType = sourcecode.swift; path = TRAcceptEventInvitationRequest.swift; sourceTree = "<group>"; };
		C7B47BD41E2809DF00D441BC /* TRAddConsole.swift */ = {isa = PBXFileReference; fileEncoding = 4; lastKnownFileType = sourcecode.swift; path = TRAddConsole.swift; sourceTree = "<group>"; };
		C7B47BD51E2809DF00D441BC /* TRAppTrackingRequest.swift */ = {isa = PBXFileReference; fileEncoding = 4; lastKnownFileType = sourcecode.swift; path = TRAppTrackingRequest.swift; sourceTree = "<group>"; };
		C7B47BD61E2809DF00D441BC /* TRAuthenticationRequest.swift */ = {isa = PBXFileReference; fileEncoding = 4; lastKnownFileType = sourcecode.swift; path = TRAuthenticationRequest.swift; sourceTree = "<group>"; };
		C7B47BD71E2809DF00D441BC /* TRBungieInvitationCompletionRequest.swift */ = {isa = PBXFileReference; fileEncoding = 4; lastKnownFileType = sourcecode.swift; path = TRBungieInvitationCompletionRequest.swift; sourceTree = "<group>"; };
		C7B47BD81E2809DF00D441BC /* TRBungieUserAuthRequest.swift */ = {isa = PBXFileReference; fileEncoding = 4; lastKnownFileType = sourcecode.swift; path = TRBungieUserAuthRequest.swift; sourceTree = "<group>"; };
		C7B47BD91E2809DF00D441BC /* TRCancelEventInvitationRequest.swift */ = {isa = PBXFileReference; fileEncoding = 4; lastKnownFileType = sourcecode.swift; path = TRCancelEventInvitationRequest.swift; sourceTree = "<group>"; };
		C7B47BDA1E2809DF00D441BC /* TRChangeConsoleRequest.swift */ = {isa = PBXFileReference; fileEncoding = 4; lastKnownFileType = sourcecode.swift; path = TRChangeConsoleRequest.swift; sourceTree = "<group>"; };
		C7B47BDB1E2809DF00D441BC /* TRCreateAReportRequest.swift */ = {isa = PBXFileReference; fileEncoding = 4; lastKnownFileType = sourcecode.swift; path = TRCreateAReportRequest.swift; sourceTree = "<group>"; };
		C7B47BDC1E2809DF00D441BC /* TRCreateEventRequest.swift */ = {isa = PBXFileReference; fileEncoding = 4; lastKnownFileType = sourcecode.swift; path = TRCreateEventRequest.swift; sourceTree = "<group>"; };
		C7B47BDD1E2809DF00D441BC /* TRDeviceTokenRequest.swift */ = {isa = PBXFileReference; fileEncoding = 4; lastKnownFileType = sourcecode.swift; path = TRDeviceTokenRequest.swift; sourceTree = "<group>"; };
		C7B47BDE1E2809DF00D441BC /* TRFetchBungieUser.swift */ = {isa = PBXFileReference; fileEncoding = 4; lastKnownFileType = sourcecode.swift; path = TRFetchBungieUser.swift; sourceTree = "<group>"; };
		C7B47BDF1E2809DF00D441BC /* TRForgotPasswordRequest.swift */ = {isa = PBXFileReference; fileEncoding = 4; lastKnownFileType = sourcecode.swift; path = TRForgotPasswordRequest.swift; sourceTree = "<group>"; };
		C7B47BE01E2809DF00D441BC /* TRgetActivityList.swift */ = {isa = PBXFileReference; fileEncoding = 4; lastKnownFileType = sourcecode.swift; path = TRgetActivityList.swift; sourceTree = "<group>"; };
		C7B47BE11E2809DF00D441BC /* TRGetAllDestinyGroups.swift */ = {isa = PBXFileReference; fileEncoding = 4; lastKnownFileType = sourcecode.swift; path = TRGetAllDestinyGroups.swift; sourceTree = "<group>"; };
		C7B47BE21E2809DF00D441BC /* TRGetConfigRequest.swift */ = {isa = PBXFileReference; fileEncoding = 4; lastKnownFileType = sourcecode.swift; path = TRGetConfigRequest.swift; sourceTree = "<group>"; };
		C7B47BE31E2809DF00D441BC /* TRGetEventRequest.swift */ = {isa = PBXFileReference; fileEncoding = 4; lastKnownFileType = sourcecode.swift; path = TRGetEventRequest.swift; sourceTree = "<group>"; };
		C7B47BE41E2809DF00D441BC /* TRGetEventsList.swift */ = {isa = PBXFileReference; fileEncoding = 4; lastKnownFileType = sourcecode.swift; path = TRGetEventsList.swift; sourceTree = "<group>"; };
		C7B47BE51E2809DF00D441BC /* TRGetGroupByIDRequest.swift */ = {isa = PBXFileReference; fileEncoding = 4; lastKnownFileType = sourcecode.swift; path = TRGetGroupByIDRequest.swift; sourceTree = "<group>"; };
		C7B47BE61E2809DF00D441BC /* TRGetUserRequest.swift */ = {isa = PBXFileReference; fileEncoding = 4; lastKnownFileType = sourcecode.swift; path = TRGetUserRequest.swift; sourceTree = "<group>"; };
		C7B47BE71E2809DF00D441BC /* TRGroupNotificationUpdateRequest.swift */ = {isa = PBXFileReference; fileEncoding = 4; lastKnownFileType = sourcecode.swift; path = TRGroupNotificationUpdateRequest.swift; sourceTree = "<group>"; };
		C7B47BE81E2809DF00D441BC /* TRHelmetUpdateRequest.swift */ = {isa = PBXFileReference; fileEncoding = 4; lastKnownFileType = sourcecode.swift; path = TRHelmetUpdateRequest.swift; sourceTree = "<group>"; };
		C7B47BE91E2809DF00D441BC /* TRInvitePlayersRequest.swift */ = {isa = PBXFileReference; fileEncoding = 4; lastKnownFileType = sourcecode.swift; path = TRInvitePlayersRequest.swift; sourceTree = "<group>"; };
		C7B47BEA1E2809DF00D441BC /* TRInviteRequestToBungie.swift */ = {isa = PBXFileReference; fileEncoding = 4; lastKnownFileType = sourcecode.swift; path = TRInviteRequestToBungie.swift; sourceTree = "<group>"; };
		C7B47BEB1E2809DF00D441BC /* TRJoinEventRequest.swift */ = {isa = PBXFileReference; fileEncoding = 4; lastKnownFileType = sourcecode.swift; path = TRJoinEventRequest.swift; sourceTree = "<group>"; };
		C7B47BEC1E2809DF00D441BC /* TRKickInActiveUserRequest.swift */ = {isa = PBXFileReference; fileEncoding = 4; lastKnownFileType = sourcecode.swift; path = TRKickInActiveUserRequest.swift; sourceTree = "<group>"; };
		C7B47BED1E2809DF00D441BC /* TRLeaveEventRequest.swift */ = {isa = PBXFileReference; fileEncoding = 4; lastKnownFileType = sourcecode.swift; path = TRLeaveEventRequest.swift; sourceTree = "<group>"; };
		C7B47BEE1E2809DF00D441BC /* TRPublicFeedRequest.swift */ = {isa = PBXFileReference; fileEncoding = 4; lastKnownFileType = sourcecode.swift; path = TRPublicFeedRequest.swift; sourceTree = "<group>"; };
		C7B47BEF1E2809DF00D441BC /* TRReportComment.swift */ = {isa = PBXFileReference; fileEncoding = 4; lastKnownFileType = sourcecode.swift; path = TRReportComment.swift; sourceTree = "<group>"; };
		C7B47BF01E2809DF00D441BC /* TRRequest.swift */ = {isa = PBXFileReference; fileEncoding = 4; lastKnownFileType = sourcecode.swift; path = TRRequest.swift; sourceTree = "<group>"; };
		C7B47BF11E2809DF00D441BC /* TRRequestUpdateLegalRequest.swift */ = {isa = PBXFileReference; fileEncoding = 4; lastKnownFileType = sourcecode.swift; path = TRRequestUpdateLegalRequest.swift; sourceTree = "<group>"; };
		C7B47BF21E2809DF00D441BC /* TRResendBungieVerification.swift */ = {isa = PBXFileReference; fileEncoding = 4; lastKnownFileType = sourcecode.swift; path = TRResendBungieVerification.swift; sourceTree = "<group>"; };
		C7B47BF31E2809DF00D441BC /* TRSendPushMessage.swift */ = {isa = PBXFileReference; fileEncoding = 4; lastKnownFileType = sourcecode.swift; path = TRSendPushMessage.swift; sourceTree = "<group>"; };
		C7B47BF41E2809DF00D441BC /* TRUpdateGroupRequest.swift */ = {isa = PBXFileReference; fileEncoding = 4; lastKnownFileType = sourcecode.swift; path = TRUpdateGroupRequest.swift; sourceTree = "<group>"; };
		C7B47BF51E2809DF00D441BC /* TRUpdateUser.swift */ = {isa = PBXFileReference; fileEncoding = 4; lastKnownFileType = sourcecode.swift; path = TRUpdateUser.swift; sourceTree = "<group>"; };
		C7B47BF61E2809DF00D441BC /* TRUpdateUserGroupRequest.swift */ = {isa = PBXFileReference; fileEncoding = 4; lastKnownFileType = sourcecode.swift; path = TRUpdateUserGroupRequest.swift; sourceTree = "<group>"; };
		C7B47C1D1E2809FC00D441BC /* TRActiveStatePushInfo.swift */ = {isa = PBXFileReference; fileEncoding = 4; lastKnownFileType = sourcecode.swift; path = TRActiveStatePushInfo.swift; sourceTree = "<group>"; };
		C7B47C1E1E2809FC00D441BC /* TRActivityBonus.swift */ = {isa = PBXFileReference; fileEncoding = 4; lastKnownFileType = sourcecode.swift; path = TRActivityBonus.swift; sourceTree = "<group>"; };
		C7B47C1F1E2809FC00D441BC /* TRActivityInfo.swift */ = {isa = PBXFileReference; fileEncoding = 4; lastKnownFileType = sourcecode.swift; path = TRActivityInfo.swift; sourceTree = "<group>"; };
		C7B47C201E2809FC00D441BC /* TRActivityModifiersInfo.swift */ = {isa = PBXFileReference; fileEncoding = 4; lastKnownFileType = sourcecode.swift; path = TRActivityModifiersInfo.swift; sourceTree = "<group>"; };
		C7B47C211E2809FC00D441BC /* TRAdCardInfo.swift */ = {isa = PBXFileReference; fileEncoding = 4; lastKnownFileType = sourcecode.swift; path = TRAdCardInfo.swift; sourceTree = "<group>"; };
		C7B47C221E2809FC00D441BC /* TRBungieGroupInfo.swift */ = {isa = PBXFileReference; fileEncoding = 4; lastKnownFileType = sourcecode.swift; path = TRBungieGroupInfo.swift; sourceTree = "<group>"; };
		C7B47C231E2809FC00D441BC /* TRCommentInfo.swift */ = {isa = PBXFileReference; fileEncoding = 4; lastKnownFileType = sourcecode.swift; path = TRCommentInfo.swift; sourceTree = "<group>"; };
		C7B47C241E2809FC00D441BC /* TRConfigInfo.swift */ = {isa = PBXFileReference; fileEncoding = 4; lastKnownFileType = sourcecode.swift; path = TRConfigInfo.swift; sourceTree = "<group>"; };
		C7B47C251E2809FC00D441BC /* TRConsoles.swift */ = {isa = PBXFileReference; fileEncoding = 4; lastKnownFileType = sourcecode.swift; path = TRConsoles.swift; sourceTree = "<group>"; };
		C7B47C261E2809FC00D441BC /* TRCreatorInfo.swift */ = {isa = PBXFileReference; fileEncoding = 4; lastKnownFileType = sourcecode.swift; path = TRCreatorInfo.swift; sourceTree = "<group>"; };
		C7B47C271E2809FC00D441BC /* TREventInfo.swift */ = {isa = PBXFileReference; fileEncoding = 4; lastKnownFileType = sourcecode.swift; path = TREventInfo.swift; sourceTree = "<group>"; };
		C7B47C281E2809FC00D441BC /* TRInvitationInfo.swift */ = {isa = PBXFileReference; fileEncoding = 4; lastKnownFileType = sourcecode.swift; path = TRInvitationInfo.swift; sourceTree = "<group>"; };
		C7B47C291E2809FC00D441BC /* TRLegalInfo.swift */ = {isa = PBXFileReference; fileEncoding = 4; lastKnownFileType = sourcecode.swift; path = TRLegalInfo.swift; sourceTree = "<group>"; };
		C7B47C2A1E2809FC00D441BC /* TRLocationInfo.swift */ = {isa = PBXFileReference; fileEncoding = 4; lastKnownFileType = sourcecode.swift; path = TRLocationInfo.swift; sourceTree = "<group>"; };
		C7B47C2B1E2809FC00D441BC /* TRPlayerInfo.swift */ = {isa = PBXFileReference; fileEncoding = 4; lastKnownFileType = sourcecode.swift; path = TRPlayerInfo.swift; sourceTree = "<group>"; };
		C7B47C2C1E2809FC00D441BC /* TRUserInfo.swift */ = {isa = PBXFileReference; fileEncoding = 4; lastKnownFileType = sourcecode.swift; path = TRUserInfo.swift; sourceTree = "<group>"; };
		C7B47C3D1E280E7100D441BC /* EventButton.swift */ = {isa = PBXFileReference; fileEncoding = 4; lastKnownFileType = sourcecode.swift; path = EventButton.swift; sourceTree = "<group>"; };
		C7B47C3E1E280E7100D441BC /* TRActivityIndicatorView.swift */ = {isa = PBXFileReference; fileEncoding = 4; lastKnownFileType = sourcecode.swift; path = TRActivityIndicatorView.swift; sourceTree = "<group>"; };
		C7B47C3F1E280E7100D441BC /* TRActivityIndicatorView.xib */ = {isa = PBXFileReference; fileEncoding = 4; lastKnownFileType = file.xib; path = TRActivityIndicatorView.xib; sourceTree = "<group>"; };
		C7B47C401E280E7100D441BC /* TRActivitySelectionCell.swift */ = {isa = PBXFileReference; fileEncoding = 4; lastKnownFileType = sourcecode.swift; path = TRActivitySelectionCell.swift; sourceTree = "<group>"; };
		C7B47C411E280E7100D441BC /* TRActivitySelectionCell.xib */ = {isa = PBXFileReference; fileEncoding = 4; lastKnownFileType = file.xib; path = TRActivitySelectionCell.xib; sourceTree = "<group>"; };
		C7B47C421E280E7100D441BC /* TRBungieGroupCell.swift */ = {isa = PBXFileReference; fileEncoding = 4; lastKnownFileType = sourcecode.swift; path = TRBungieGroupCell.swift; sourceTree = "<group>"; };
		C7B47C431E280E7100D441BC /* TRBungieGroupCell.xib */ = {isa = PBXFileReference; fileEncoding = 4; lastKnownFileType = file.xib; path = TRBungieGroupCell.xib; sourceTree = "<group>"; };
		C7B47C441E280E7100D441BC /* TRCaroselCellView.swift */ = {isa = PBXFileReference; fileEncoding = 4; lastKnownFileType = sourcecode.swift; path = TRCaroselCellView.swift; sourceTree = "<group>"; };
		C7B47C451E280E7100D441BC /* TRCaroselCellView.xib */ = {isa = PBXFileReference; fileEncoding = 4; lastKnownFileType = file.xib; path = TRCaroselCellView.xib; sourceTree = "<group>"; };
		C7B47C461E280E7100D441BC /* TRErrorNotificationView.swift */ = {isa = PBXFileReference; fileEncoding = 4; lastKnownFileType = sourcecode.swift; path = TRErrorNotificationView.swift; sourceTree = "<group>"; };
		C7B47C471E280E7100D441BC /* TRErrorNotificationView.xib */ = {isa = PBXFileReference; fileEncoding = 4; lastKnownFileType = file.xib; path = TRErrorNotificationView.xib; sourceTree = "<group>"; };
		C7B47C481E280E7100D441BC /* TREventInfoPlayerCell.swift */ = {isa = PBXFileReference; fileEncoding = 4; lastKnownFileType = sourcecode.swift; path = TREventInfoPlayerCell.swift; sourceTree = "<group>"; };
		C7B47C491E280E7100D441BC /* TREventInfoPlayerCell.xib */ = {isa = PBXFileReference; fileEncoding = 4; lastKnownFileType = file.xib; path = TREventInfoPlayerCell.xib; sourceTree = "<group>"; };
		C7B47C4A1E280E7100D441BC /* TRInviteView.swift */ = {isa = PBXFileReference; fileEncoding = 4; lastKnownFileType = sourcecode.swift; path = TRInviteView.swift; sourceTree = "<group>"; };
		C7B47C4B1E280E7100D441BC /* TRInviteView.xib */ = {isa = PBXFileReference; fileEncoding = 4; lastKnownFileType = file.xib; path = TRInviteView.xib; sourceTree = "<group>"; };
		C7B47C4C1E280E7100D441BC /* TRPushNotificationView.swift */ = {isa = PBXFileReference; fileEncoding = 4; lastKnownFileType = sourcecode.swift; path = TRPushNotificationView.swift; sourceTree = "<group>"; };
		C7B47C4D1E280E7100D441BC /* TRPushNotificationView.xib */ = {isa = PBXFileReference; fileEncoding = 4; lastKnownFileType = file.xib; path = TRPushNotificationView.xib; sourceTree = "<group>"; };
		C7B47C4E1E280E7100D441BC /* TRSendChatMessageView.swift */ = {isa = PBXFileReference; fileEncoding = 4; lastKnownFileType = sourcecode.swift; path = TRSendChatMessageView.swift; sourceTree = "<group>"; };
		C7B47C4F1E280E7100D441BC /* TRSendChatMessageView.xib */ = {isa = PBXFileReference; fileEncoding = 4; lastKnownFileType = file.xib; path = TRSendChatMessageView.xib; sourceTree = "<group>"; };
		C7B47C501E280E7100D441BC /* TRVerificationPromptView.swift */ = {isa = PBXFileReference; fileEncoding = 4; lastKnownFileType = sourcecode.swift; path = TRVerificationPromptView.swift; sourceTree = "<group>"; };
		C7B47C511E280E7100D441BC /* TRVerificationPromptView.xib */ = {isa = PBXFileReference; fileEncoding = 4; lastKnownFileType = file.xib; path = TRVerificationPromptView.xib; sourceTree = "<group>"; };
		C7B47C521E280E7100D441BC /* TRWebView.swift */ = {isa = PBXFileReference; fileEncoding = 4; lastKnownFileType = sourcecode.swift; path = TRWebView.swift; sourceTree = "<group>"; };
		C7B47C531E280E7100D441BC /* TRWebView.xib */ = {isa = PBXFileReference; fileEncoding = 4; lastKnownFileType = file.xib; path = TRWebView.xib; sourceTree = "<group>"; };
		C7B47C6C1E280EA700D441BC /* TRBaseEventTableCell.swift */ = {isa = PBXFileReference; fileEncoding = 4; lastKnownFileType = sourcecode.swift; path = TRBaseEventTableCell.swift; sourceTree = "<group>"; };
		C7B47C6F1E280EC500D441BC /* TREventActivityCardCell.swift */ = {isa = PBXFileReference; fileEncoding = 4; lastKnownFileType = sourcecode.swift; path = TREventActivityCardCell.swift; sourceTree = "<group>"; };
		C7B47C701E280EC500D441BC /* TREventActivityCardCell.xib */ = {isa = PBXFileReference; fileEncoding = 4; lastKnownFileType = file.xib; path = TREventActivityCardCell.xib; sourceTree = "<group>"; };
		C7B47C741E280EFA00D441BC /* TREventCurrentNoCheckPointCell.swift */ = {isa = PBXFileReference; fileEncoding = 4; lastKnownFileType = sourcecode.swift; path = TREventCurrentNoCheckPointCell.swift; sourceTree = "<group>"; };
		C7B47C751E280EFA00D441BC /* TREventCurrentNoCheckPointCell.xib */ = {isa = PBXFileReference; fileEncoding = 4; lastKnownFileType = file.xib; path = TREventCurrentNoCheckPointCell.xib; sourceTree = "<group>"; };
		C7B47C761E280EFA00D441BC /* TREventCurrentWithCheckPointCell.swift */ = {isa = PBXFileReference; fileEncoding = 4; lastKnownFileType = sourcecode.swift; path = TREventCurrentWithCheckPointCell.swift; sourceTree = "<group>"; };
		C7B47C771E280EFA00D441BC /* TREventCurrentWithCheckPointCell.xib */ = {isa = PBXFileReference; fileEncoding = 4; lastKnownFileType = file.xib; path = TREventCurrentWithCheckPointCell.xib; sourceTree = "<group>"; };
		C7B47C7D1E280F5100D441BC /* TREventUpcomingNoCheckPointCell.swift */ = {isa = PBXFileReference; fileEncoding = 4; lastKnownFileType = sourcecode.swift; path = TREventUpcomingNoCheckPointCell.swift; sourceTree = "<group>"; };
		C7B47C7E1E280F5100D441BC /* TREventUpcomingNoCheckPointCell.xib */ = {isa = PBXFileReference; fileEncoding = 4; lastKnownFileType = file.xib; path = TREventUpcomingNoCheckPointCell.xib; sourceTree = "<group>"; };
		C7B47C7F1E280F5100D441BC /* TREventUpcomingWithCheckPointCell.swift */ = {isa = PBXFileReference; fileEncoding = 4; lastKnownFileType = sourcecode.swift; path = TREventUpcomingWithCheckPointCell.swift; sourceTree = "<group>"; };
		C7B47C801E280F5100D441BC /* TREventUpcomingWithCheckPointCell.xib */ = {isa = PBXFileReference; fileEncoding = 4; lastKnownFileType = file.xib; path = TREventUpcomingWithCheckPointCell.xib; sourceTree = "<group>"; };
		C7B47C861E28138500D441BC /* TRActivityCheckPointPicker.swift */ = {isa = PBXFileReference; fileEncoding = 4; lastKnownFileType = sourcecode.swift; path = TRActivityCheckPointPicker.swift; sourceTree = "<group>"; };
		C7B47C871E28138500D441BC /* TRActivityCheckPointPicker.xib */ = {isa = PBXFileReference; fileEncoding = 4; lastKnownFileType = file.xib; path = TRActivityCheckPointPicker.xib; sourceTree = "<group>"; };
		C7B47C881E28138500D441BC /* TRDatePicker.swift */ = {isa = PBXFileReference; fileEncoding = 4; lastKnownFileType = sourcecode.swift; path = TRDatePicker.swift; sourceTree = "<group>"; };
		C7B47C891E28138500D441BC /* TRDatePicker.xib */ = {isa = PBXFileReference; fileEncoding = 4; lastKnownFileType = file.xib; path = TRDatePicker.xib; sourceTree = "<group>"; };
		C7B47C8F1E2813AC00D441BC /* TREventCommentCell.swift */ = {isa = PBXFileReference; fileEncoding = 4; lastKnownFileType = sourcecode.swift; path = TREventCommentCell.swift; sourceTree = "<group>"; };
		C7B47C901E2813AC00D441BC /* TREventCommentCell.xib */ = {isa = PBXFileReference; fileEncoding = 4; lastKnownFileType = file.xib; path = TREventCommentCell.xib; sourceTree = "<group>"; };
		C7B47C911E2813AC00D441BC /* TREventDescriptionCell.swift */ = {isa = PBXFileReference; fileEncoding = 4; lastKnownFileType = sourcecode.swift; path = TREventDescriptionCell.swift; sourceTree = "<group>"; };
		C7B47C921E2813AC00D441BC /* TREventDescriptionCell.xib */ = {isa = PBXFileReference; fileEncoding = 4; lastKnownFileType = file.xib; path = TREventDescriptionCell.xib; sourceTree = "<group>"; };
		C7B47C981E2816F200D441BC /* TRCustomError.swift */ = {isa = PBXFileReference; fileEncoding = 4; lastKnownFileType = sourcecode.swift; path = TRCustomError.swift; sourceTree = "<group>"; };
		C7B47C991E2816F200D441BC /* TRCustomError.xib */ = {isa = PBXFileReference; fileEncoding = 4; lastKnownFileType = file.xib; path = TRCustomError.xib; sourceTree = "<group>"; };
		C7B47C9A1E2816F200D441BC /* TRCustomErrorUserAction.xib */ = {isa = PBXFileReference; fileEncoding = 4; lastKnownFileType = file.xib; path = TRCustomErrorUserAction.xib; sourceTree = "<group>"; };
		C7B47C9B1E2816F200D441BC /* TRErrorView.swift */ = {isa = PBXFileReference; fileEncoding = 4; lastKnownFileType = sourcecode.swift; path = TRErrorView.swift; sourceTree = "<group>"; };
		C7B47C9C1E2816F200D441BC /* TRErrorView.xib */ = {isa = PBXFileReference; fileEncoding = 4; lastKnownFileType = file.xib; path = TRErrorView.xib; sourceTree = "<group>"; };
		C7B47CA51E281A0E00D441BC /* TRBaseViewController.swift */ = {isa = PBXFileReference; fileEncoding = 4; lastKnownFileType = sourcecode.swift; path = TRBaseViewController.swift; sourceTree = "<group>"; };
		C7B47CA61E281A0E00D441BC /* TRChangePasswordViewController.swift */ = {isa = PBXFileReference; fileEncoding = 4; lastKnownFileType = sourcecode.swift; path = TRChangePasswordViewController.swift; sourceTree = "<group>"; };
		C7B47CA71E281A0E00D441BC /* TRChooseGroupViewController.swift */ = {isa = PBXFileReference; fileEncoding = 4; lastKnownFileType = sourcecode.swift; path = TRChooseGroupViewController.swift; sourceTree = "<group>"; };
		C7B47CA81E281A0E00D441BC /* TRCreateEventFinalView.swift */ = {isa = PBXFileReference; fileEncoding = 4; lastKnownFileType = sourcecode.swift; path = TRCreateEventFinalView.swift; sourceTree = "<group>"; };
		C7B47CA91E281A0E00D441BC /* TRCreateEventViewController.swift */ = {isa = PBXFileReference; fileEncoding = 4; lastKnownFileType = sourcecode.swift; path = TRCreateEventViewController.swift; sourceTree = "<group>"; };
		C7B47CAA1E281A0E00D441BC /* TREventDetailViewController.swift */ = {isa = PBXFileReference; fileEncoding = 4; lastKnownFileType = sourcecode.swift; path = TREventDetailViewController.swift; sourceTree = "<group>"; };
		C7B47CAB1E281A0E00D441BC /* TREventListViewController.swift */ = {isa = PBXFileReference; fileEncoding = 4; lastKnownFileType = sourcecode.swift; path = TREventListViewController.swift; sourceTree = "<group>"; };
		C7B47CAC1E281A0E00D441BC /* TRForgotPasswordViewController.swift */ = {isa = PBXFileReference; fileEncoding = 4; lastKnownFileType = sourcecode.swift; path = TRForgotPasswordViewController.swift; sourceTree = "<group>"; };
		C7B47CAD1E281A0E00D441BC /* TRLegalViewController.swift */ = {isa = PBXFileReference; fileEncoding = 4; lastKnownFileType = sourcecode.swift; path = TRLegalViewController.swift; sourceTree = "<group>"; };
		C7B47CAE1E281A0E00D441BC /* TRLoginOptionViewController.swift */ = {isa = PBXFileReference; fileEncoding = 4; lastKnownFileType = sourcecode.swift; path = TRLoginOptionViewController.swift; sourceTree = "<group>"; };
		C7B47CAF1E281A0E00D441BC /* TRMessageSentConfViewController.swift */ = {isa = PBXFileReference; fileEncoding = 4; lastKnownFileType = sourcecode.swift; path = TRMessageSentConfViewController.swift; sourceTree = "<group>"; };
		C7B47CB01E281A0E00D441BC /* TRProfileViewController.swift */ = {isa = PBXFileReference; fileEncoding = 4; lastKnownFileType = sourcecode.swift; path = TRProfileViewController.swift; sourceTree = "<group>"; };
		C7B47CB11E281A0E00D441BC /* TRRootViewController.swift */ = {isa = PBXFileReference; fileEncoding = 4; lastKnownFileType = sourcecode.swift; path = TRRootViewController.swift; sourceTree = "<group>"; };
		C7B47CB21E281A0E00D441BC /* TRSendReportViewController.swift */ = {isa = PBXFileReference; fileEncoding = 4; lastKnownFileType = sourcecode.swift; path = TRSendReportViewController.swift; sourceTree = "<group>"; };
		C7B47CB31E281A0E00D441BC /* TRSignInErrorViewController.swift */ = {isa = PBXFileReference; fileEncoding = 4; lastKnownFileType = sourcecode.swift; path = TRSignInErrorViewController.swift; sourceTree = "<group>"; };
		C7B47CB41E281A0E00D441BC /* TRWebViewViewController.swift */ = {isa = PBXFileReference; fileEncoding = 4; lastKnownFileType = sourcecode.swift; path = TRWebViewViewController.swift; sourceTree = "<group>"; };
		C7B47CC81E281B4F00D441BC /* TRConstants.swift */ = {isa = PBXFileReference; fileEncoding = 4; lastKnownFileType = sourcecode.swift; path = TRConstants.swift; sourceTree = "<group>"; };
/* End PBXFileReference section */

/* Begin PBXFrameworksBuildPhase section */
		C7B47B671E26FD2A00D441BC /* Frameworks */ = {
			isa = PBXFrameworksBuildPhase;
			buildActionMask = 2147483647;
			files = (
				C7B47B831E270D2E00D441BC /* SpriteKit.framework in Frameworks */,
				C7B47B811E270D2600D441BC /* AdSupport.framework in Frameworks */,
				EC74A8F425BF155D1DAB07CF /* Pods_Overwatch.framework in Frameworks */,
			);
			runOnlyForDeploymentPostprocessing = 0;
		};
/* End PBXFrameworksBuildPhase section */

/* Begin PBXGroup section */
		2FA59BF59E9DB02C3AF12EF3 /* Frameworks */ = {
			isa = PBXGroup;
			children = (
				C7B47B821E270D2E00D441BC /* SpriteKit.framework */,
				C7B47B801E270D2600D441BC /* AdSupport.framework */,
				ADC97D52C178088E093383CF /* Pods_Overwatch.framework */,
			);
			name = Frameworks;
			sourceTree = "<group>";
		};
		35A996E984C3B88E63E8F42F /* Pods */ = {
			isa = PBXGroup;
			children = (
				0787CB42092EA97F3EAC14F1 /* Pods-Overwatch.debug.xcconfig */,
				44485F9F3EB9A61B7168773D /* Pods-Overwatch.release.xcconfig */,
			);
			name = Pods;
			sourceTree = "<group>";
		};
		C7B47B611E26FD2A00D441BC = {
			isa = PBXGroup;
			children = (
				C7B47B851E2805F100D441BC /* GoogleService-Info.plist */,
				C7B47B7F1E270AFD00D441BC /* Overwatch-Bridging-Header.h */,
				C7B47B6C1E26FD2A00D441BC /* Overwatch */,
				C7B47B6B1E26FD2A00D441BC /* Products */,
				35A996E984C3B88E63E8F42F /* Pods */,
				2FA59BF59E9DB02C3AF12EF3 /* Frameworks */,
			);
			sourceTree = "<group>";
		};
		C7B47B6B1E26FD2A00D441BC /* Products */ = {
			isa = PBXGroup;
			children = (
				C7B47B6A1E26FD2A00D441BC /* Overwatch.app */,
			);
			name = Products;
			sourceTree = "<group>";
		};
		C7B47B6C1E26FD2A00D441BC /* Overwatch */ = {
			isa = PBXGroup;
			children = (
				C7B47BA11E28082E00D441BC /* KSToken */,
				C7B47B841E270D5900D441BC /* Overwatch.entitlements */,
				C7B47B6F1E26FD2A00D441BC /* ViewController.swift */,
				C7B47BA21E28086A00D441BC /* Utility */,
				C7B47C1C1E2809FC00D441BC /* Models */,
				C7B47BD11E2809DF00D441BC /* Networking */,
				C7B47C6B1E280E8400D441BC /* Views */,
				C7B47CA31E281A0E00D441BC /* ViewControllers */,
				C7B47B6D1E26FD2A00D441BC /* AppDelegate.swift */,
				C7B47B711E26FD2A00D441BC /* Main.storyboard */,
				C7B47B741E26FD2A00D441BC /* Assets.xcassets */,
				C7B47B791E26FD2A00D441BC /* Info.plist */,
				C7B47B761E26FD2A00D441BC /* LaunchScreen.storyboard */,
				C7B47CC81E281B4F00D441BC /* TRConstants.swift */,
			);
			path = Overwatch;
			sourceTree = "<group>";
		};
		C7B47BA11E28082E00D441BC /* KSToken */ = {
			isa = PBXGroup;
			children = (
				C7B47B991E2807F800D441BC /* KSToken.swift */,
				C7B47B9A1E2807F800D441BC /* KSTokenField.swift */,
				C7B47B9B1E2807F800D441BC /* KSTokenView.swift */,
				C7B47B9C1E2807F800D441BC /* KSUtils.swift */,
			);
			name = KSToken;
			sourceTree = "<group>";
		};
		C7B47BA21E28086A00D441BC /* Utility */ = {
			isa = PBXGroup;
			children = (
				C7B47BA31E28086A00D441BC /* ArrayExtension.swift */,
				C7B47BA41E28086A00D441BC /* ConsoleButtons.xib */,
				C7B47BA51E28086A00D441BC /* ExSlideMenuController.swift */,
				C7B47BA61E28086A00D441BC /* NSDateExtension.swift */,
				C7B47BA71E28086A00D441BC /* StringExtension.swift */,
				C7B47BA81E28086A00D441BC /* TRApplicationManager.swift */,
				C7B47BA91E28086A00D441BC /* TRBranchManager.swift */,
				C7B47BAA1E28086A00D441BC /* TRBungieLoginValidation.swift */,
				C7B47BAB1E28086A00D441BC /* TRDeepLinkObject.swift */,
				C7B47BAC1E28086A00D441BC /* TRFireBaseManager.swift */,
				C7B47BAD1E28086A00D441BC /* TRFunnelData.swift */,
				C7B47BAE1E28086A00D441BC /* TRInsertLabel.swift */,
				C7B47BAF1E28086A00D441BC /* TRKeyChainHelper.swift */,
				C7B47BB01E28086A00D441BC /* TRNavInteractionAnimator.swift */,
				C7B47BB11E28086A00D441BC /* TRNavTransitionAnimator.swift */,
				C7B47BB21E28086A00D441BC /* TRPushNotiController.swift */,
				C7B47BB31E28086A00D441BC /* TRPushNotification.swift */,
				C7B47BB41E28086A00D441BC /* TRStoryBoardManager.swift */,
				C7B47BB51E28086A00D441BC /* UIApplicationExtension.swift */,
				C7B47BB61E28086A00D441BC /* UISegmentedControlExtension.swift */,
				C7B47BB71E28086A00D441BC /* UIViewExtension.swift */,
				C7B47BB81E28086A00D441BC /* Utility.swift */,
				C7B47BB91E28086A00D441BC /* ViewControllerExtension.swift */,
			);
			path = Utility;
			sourceTree = "<group>";
		};
		C7B47BD11E2809DF00D441BC /* Networking */ = {
			isa = PBXGroup;
			children = (
				C7B47BD21E2809DF00D441BC /* NSBundleExtension.swift */,
				C7B47BD31E2809DF00D441BC /* TRAcceptEventInvitationRequest.swift */,
				C7B47BD41E2809DF00D441BC /* TRAddConsole.swift */,
				C7B47BD51E2809DF00D441BC /* TRAppTrackingRequest.swift */,
				C7B47BD61E2809DF00D441BC /* TRAuthenticationRequest.swift */,
				C7B47BD71E2809DF00D441BC /* TRBungieInvitationCompletionRequest.swift */,
				C7B47BD81E2809DF00D441BC /* TRBungieUserAuthRequest.swift */,
				C7B47BD91E2809DF00D441BC /* TRCancelEventInvitationRequest.swift */,
				C7B47BDA1E2809DF00D441BC /* TRChangeConsoleRequest.swift */,
				C7B47BDB1E2809DF00D441BC /* TRCreateAReportRequest.swift */,
				C7B47BDC1E2809DF00D441BC /* TRCreateEventRequest.swift */,
				C7B47BDD1E2809DF00D441BC /* TRDeviceTokenRequest.swift */,
				C7B47BDE1E2809DF00D441BC /* TRFetchBungieUser.swift */,
				C7B47BDF1E2809DF00D441BC /* TRForgotPasswordRequest.swift */,
				C7B47BE01E2809DF00D441BC /* TRgetActivityList.swift */,
				C7B47BE11E2809DF00D441BC /* TRGetAllDestinyGroups.swift */,
				C7B47BE21E2809DF00D441BC /* TRGetConfigRequest.swift */,
				C7B47BE31E2809DF00D441BC /* TRGetEventRequest.swift */,
				C7B47BE41E2809DF00D441BC /* TRGetEventsList.swift */,
				C7B47BE51E2809DF00D441BC /* TRGetGroupByIDRequest.swift */,
				C7B47BE61E2809DF00D441BC /* TRGetUserRequest.swift */,
				C7B47BE71E2809DF00D441BC /* TRGroupNotificationUpdateRequest.swift */,
				C7B47BE81E2809DF00D441BC /* TRHelmetUpdateRequest.swift */,
				C7B47BE91E2809DF00D441BC /* TRInvitePlayersRequest.swift */,
				C7B47BEA1E2809DF00D441BC /* TRInviteRequestToBungie.swift */,
				C7B47BEB1E2809DF00D441BC /* TRJoinEventRequest.swift */,
				C7B47BEC1E2809DF00D441BC /* TRKickInActiveUserRequest.swift */,
				C7B47BED1E2809DF00D441BC /* TRLeaveEventRequest.swift */,
				C7B47BEE1E2809DF00D441BC /* TRPublicFeedRequest.swift */,
				C7B47BEF1E2809DF00D441BC /* TRReportComment.swift */,
				C7B47BF01E2809DF00D441BC /* TRRequest.swift */,
				C7B47BF11E2809DF00D441BC /* TRRequestUpdateLegalRequest.swift */,
				C7B47BF21E2809DF00D441BC /* TRResendBungieVerification.swift */,
				C7B47BF31E2809DF00D441BC /* TRSendPushMessage.swift */,
				C7B47BF41E2809DF00D441BC /* TRUpdateGroupRequest.swift */,
				C7B47BF51E2809DF00D441BC /* TRUpdateUser.swift */,
				C7B47BF61E2809DF00D441BC /* TRUpdateUserGroupRequest.swift */,
			);
			path = Networking;
			sourceTree = "<group>";
		};
		C7B47C1C1E2809FC00D441BC /* Models */ = {
			isa = PBXGroup;
			children = (
				C7B47C1D1E2809FC00D441BC /* TRActiveStatePushInfo.swift */,
				C7B47C1E1E2809FC00D441BC /* TRActivityBonus.swift */,
				C7B47C1F1E2809FC00D441BC /* TRActivityInfo.swift */,
				C7B47C201E2809FC00D441BC /* TRActivityModifiersInfo.swift */,
				C7B47C211E2809FC00D441BC /* TRAdCardInfo.swift */,
				C7B47C221E2809FC00D441BC /* TRBungieGroupInfo.swift */,
				C7B47C231E2809FC00D441BC /* TRCommentInfo.swift */,
				C7B47C241E2809FC00D441BC /* TRConfigInfo.swift */,
				C7B47C251E2809FC00D441BC /* TRConsoles.swift */,
				C7B47C261E2809FC00D441BC /* TRCreatorInfo.swift */,
				C7B47C271E2809FC00D441BC /* TREventInfo.swift */,
				C7B47C281E2809FC00D441BC /* TRInvitationInfo.swift */,
				C7B47C291E2809FC00D441BC /* TRLegalInfo.swift */,
				C7B47C2A1E2809FC00D441BC /* TRLocationInfo.swift */,
				C7B47C2B1E2809FC00D441BC /* TRPlayerInfo.swift */,
				C7B47C2C1E2809FC00D441BC /* TRUserInfo.swift */,
			);
			path = Models;
			sourceTree = "<group>";
		};
		C7B47C6B1E280E8400D441BC /* Views */ = {
			isa = PBXGroup;
			children = (
				C7B47C6E1E280EB600D441BC /* Event_Table_Cells */,
				C7B47C8E1E28138C00D441BC /* Pickers */,
				C7B47C971E2813B200D441BC /* EventDescriptionCell */,
				C7B47C3D1E280E7100D441BC /* EventButton.swift */,
				C7B47C3E1E280E7100D441BC /* TRActivityIndicatorView.swift */,
				C7B47C3F1E280E7100D441BC /* TRActivityIndicatorView.xib */,
				C7B47C401E280E7100D441BC /* TRActivitySelectionCell.swift */,
				C7B47C411E280E7100D441BC /* TRActivitySelectionCell.xib */,
				C7B47C421E280E7100D441BC /* TRBungieGroupCell.swift */,
				C7B47C431E280E7100D441BC /* TRBungieGroupCell.xib */,
				C7B47C441E280E7100D441BC /* TRCaroselCellView.swift */,
				C7B47C451E280E7100D441BC /* TRCaroselCellView.xib */,
				C7B47C461E280E7100D441BC /* TRErrorNotificationView.swift */,
				C7B47C471E280E7100D441BC /* TRErrorNotificationView.xib */,
				C7B47C481E280E7100D441BC /* TREventInfoPlayerCell.swift */,
				C7B47C491E280E7100D441BC /* TREventInfoPlayerCell.xib */,
				C7B47C4A1E280E7100D441BC /* TRInviteView.swift */,
				C7B47C4B1E280E7100D441BC /* TRInviteView.xib */,
				C7B47C4C1E280E7100D441BC /* TRPushNotificationView.swift */,
				C7B47C4D1E280E7100D441BC /* TRPushNotificationView.xib */,
				C7B47C4E1E280E7100D441BC /* TRSendChatMessageView.swift */,
				C7B47C4F1E280E7100D441BC /* TRSendChatMessageView.xib */,
				C7B47C501E280E7100D441BC /* TRVerificationPromptView.swift */,
				C7B47C511E280E7100D441BC /* TRVerificationPromptView.xib */,
				C7B47C521E280E7100D441BC /* TRWebView.swift */,
				C7B47C531E280E7100D441BC /* TRWebView.xib */,
				C7B47CA21E2816FB00D441BC /* Error_Views */,
			);
			name = Views;
			sourceTree = "<group>";
		};
		C7B47C6E1E280EB600D441BC /* Event_Table_Cells */ = {
			isa = PBXGroup;
			children = (
				C7B47C6C1E280EA700D441BC /* TRBaseEventTableCell.swift */,
				C7B47C731E280ECD00D441BC /* EventAdCardCell */,
				C7B47C7C1E280F2700D441BC /* Current_Events */,
				C7B47C851E280F5800D441BC /* Upcoming_Events */,
			);
			name = Event_Table_Cells;
			sourceTree = "<group>";
		};
		C7B47C731E280ECD00D441BC /* EventAdCardCell */ = {
			isa = PBXGroup;
			children = (
				C7B47C6F1E280EC500D441BC /* TREventActivityCardCell.swift */,
				C7B47C701E280EC500D441BC /* TREventActivityCardCell.xib */,
			);
			name = EventAdCardCell;
			sourceTree = "<group>";
		};
		C7B47C7C1E280F2700D441BC /* Current_Events */ = {
			isa = PBXGroup;
			children = (
				C7B47C741E280EFA00D441BC /* TREventCurrentNoCheckPointCell.swift */,
				C7B47C751E280EFA00D441BC /* TREventCurrentNoCheckPointCell.xib */,
				C7B47C761E280EFA00D441BC /* TREventCurrentWithCheckPointCell.swift */,
				C7B47C771E280EFA00D441BC /* TREventCurrentWithCheckPointCell.xib */,
			);
			name = Current_Events;
			sourceTree = "<group>";
		};
		C7B47C851E280F5800D441BC /* Upcoming_Events */ = {
			isa = PBXGroup;
			children = (
				C7B47C7D1E280F5100D441BC /* TREventUpcomingNoCheckPointCell.swift */,
				C7B47C7E1E280F5100D441BC /* TREventUpcomingNoCheckPointCell.xib */,
				C7B47C7F1E280F5100D441BC /* TREventUpcomingWithCheckPointCell.swift */,
				C7B47C801E280F5100D441BC /* TREventUpcomingWithCheckPointCell.xib */,
			);
			name = Upcoming_Events;
			sourceTree = "<group>";
		};
		C7B47C8E1E28138C00D441BC /* Pickers */ = {
			isa = PBXGroup;
			children = (
				C7B47C861E28138500D441BC /* TRActivityCheckPointPicker.swift */,
				C7B47C871E28138500D441BC /* TRActivityCheckPointPicker.xib */,
				C7B47C881E28138500D441BC /* TRDatePicker.swift */,
				C7B47C891E28138500D441BC /* TRDatePicker.xib */,
			);
			name = Pickers;
			sourceTree = "<group>";
		};
		C7B47C971E2813B200D441BC /* EventDescriptionCell */ = {
			isa = PBXGroup;
			children = (
				C7B47C8F1E2813AC00D441BC /* TREventCommentCell.swift */,
				C7B47C901E2813AC00D441BC /* TREventCommentCell.xib */,
				C7B47C911E2813AC00D441BC /* TREventDescriptionCell.swift */,
				C7B47C921E2813AC00D441BC /* TREventDescriptionCell.xib */,
			);
			name = EventDescriptionCell;
			sourceTree = "<group>";
		};
		C7B47CA21E2816FB00D441BC /* Error_Views */ = {
			isa = PBXGroup;
			children = (
				C7B47C981E2816F200D441BC /* TRCustomError.swift */,
				C7B47C991E2816F200D441BC /* TRCustomError.xib */,
				C7B47C9A1E2816F200D441BC /* TRCustomErrorUserAction.xib */,
				C7B47C9B1E2816F200D441BC /* TRErrorView.swift */,
				C7B47C9C1E2816F200D441BC /* TRErrorView.xib */,
			);
			name = Error_Views;
			sourceTree = "<group>";
		};
		C7B47CA31E281A0E00D441BC /* ViewControllers */ = {
			isa = PBXGroup;
			children = (
				C7B47CC61E281A2600D441BC /* OnBoarding */,
				C7B47CC71E281A3E00D441BC /* CreateEvent */,
				C7B47CB11E281A0E00D441BC /* TRRootViewController.swift */,
				C7B47CAB1E281A0E00D441BC /* TREventListViewController.swift */,
				C7B47CAA1E281A0E00D441BC /* TREventDetailViewController.swift */,
				C7B47CB01E281A0E00D441BC /* TRProfileViewController.swift */,
				C7B47CB21E281A0E00D441BC /* TRSendReportViewController.swift */,
				C7B47CAC1E281A0E00D441BC /* TRForgotPasswordViewController.swift */,
				C7B47CA61E281A0E00D441BC /* TRChangePasswordViewController.swift */,
				C7B47CA51E281A0E00D441BC /* TRBaseViewController.swift */,
				C7B47CA71E281A0E00D441BC /* TRChooseGroupViewController.swift */,
				C7B47CAD1E281A0E00D441BC /* TRLegalViewController.swift */,
				C7B47CAF1E281A0E00D441BC /* TRMessageSentConfViewController.swift */,
				C7B47CB41E281A0E00D441BC /* TRWebViewViewController.swift */,
			);
			path = ViewControllers;
			sourceTree = "<group>";
		};
		C7B47CC61E281A2600D441BC /* OnBoarding */ = {
			isa = PBXGroup;
			children = (
				C7B47CAE1E281A0E00D441BC /* TRLoginOptionViewController.swift */,
				C7B47CB31E281A0E00D441BC /* TRSignInErrorViewController.swift */,
			);
			name = OnBoarding;
			sourceTree = "<group>";
		};
		C7B47CC71E281A3E00D441BC /* CreateEvent */ = {
			isa = PBXGroup;
			children = (
				C7B47CA81E281A0E00D441BC /* TRCreateEventFinalView.swift */,
				C7B47CA91E281A0E00D441BC /* TRCreateEventViewController.swift */,
			);
			name = CreateEvent;
			sourceTree = "<group>";
		};
/* End PBXGroup section */

/* Begin PBXNativeTarget section */
		C7B47B691E26FD2A00D441BC /* Overwatch */ = {
			isa = PBXNativeTarget;
			buildConfigurationList = C7B47B7C1E26FD2A00D441BC /* Build configuration list for PBXNativeTarget "Overwatch" */;
			buildPhases = (
				6AF2171DF0FAD1DBB5554EDC /* [CP] Check Pods Manifest.lock */,
				C7B47B661E26FD2A00D441BC /* Sources */,
				C7B47B671E26FD2A00D441BC /* Frameworks */,
				C7B47B681E26FD2A00D441BC /* Resources */,
				0DD7884756A2EA79419679A9 /* [CP] Embed Pods Frameworks */,
				4607AE516E024D917B6786E7 /* [CP] Copy Pods Resources */,
			);
			buildRules = (
			);
			dependencies = (
			);
			name = Overwatch;
			productName = Overwatch;
			productReference = C7B47B6A1E26FD2A00D441BC /* Overwatch.app */;
			productType = "com.apple.product-type.application";
		};
/* End PBXNativeTarget section */

/* Begin PBXProject section */
		C7B47B621E26FD2A00D441BC /* Project object */ = {
			isa = PBXProject;
			attributes = {
				LastSwiftUpdateCheck = 0730;
				LastUpgradeCheck = 0730;
				ORGANIZATIONNAME = "Catalyst Foundry LLC";
				TargetAttributes = {
					C7B47B691E26FD2A00D441BC = {
						CreatedOnToolsVersion = 7.3;
						DevelopmentTeam = V289XNH63H;
						SystemCapabilities = {
							com.apple.Push = {
								enabled = 1;
							};
							com.apple.SafariKeychain = {
								enabled = 1;
							};
						};
					};
				};
			};
			buildConfigurationList = C7B47B651E26FD2A00D441BC /* Build configuration list for PBXProject "Overwatch" */;
			compatibilityVersion = "Xcode 3.2";
			developmentRegion = English;
			hasScannedForEncodings = 0;
			knownRegions = (
				en,
				Base,
			);
			mainGroup = C7B47B611E26FD2A00D441BC;
			productRefGroup = C7B47B6B1E26FD2A00D441BC /* Products */;
			projectDirPath = "";
			projectRoot = "";
			targets = (
				C7B47B691E26FD2A00D441BC /* Overwatch */,
			);
		};
/* End PBXProject section */

/* Begin PBXResourcesBuildPhase section */
		C7B47B681E26FD2A00D441BC /* Resources */ = {
			isa = PBXResourcesBuildPhase;
			buildActionMask = 2147483647;
			files = (
				C7B47C8B1E28138500D441BC /* TRActivityCheckPointPicker.xib in Resources */,
				C7B47BBB1E28086A00D441BC /* ConsoleButtons.xib in Resources */,
				C7B47C791E280EFA00D441BC /* TREventCurrentNoCheckPointCell.xib in Resources */,
				C7B47C9F1E2816F200D441BC /* TRCustomErrorUserAction.xib in Resources */,
				C7B47C641E280E7100D441BC /* TRPushNotificationView.xib in Resources */,
				C7B47C821E280F5100D441BC /* TREventUpcomingNoCheckPointCell.xib in Resources */,
				C7B47B781E26FD2A00D441BC /* LaunchScreen.storyboard in Resources */,
				C7B47C5E1E280E7100D441BC /* TRErrorNotificationView.xib in Resources */,
				C7B47B861E2805F100D441BC /* GoogleService-Info.plist in Resources */,
				C7B47C721E280EC500D441BC /* TREventActivityCardCell.xib in Resources */,
				C7B47C5A1E280E7100D441BC /* TRBungieGroupCell.xib in Resources */,
				C7B47C561E280E7100D441BC /* TRActivityIndicatorView.xib in Resources */,
				C7B47C581E280E7100D441BC /* TRActivitySelectionCell.xib in Resources */,
				C7B47B751E26FD2A00D441BC /* Assets.xcassets in Resources */,
				C7B47C7B1E280EFA00D441BC /* TREventCurrentWithCheckPointCell.xib in Resources */,
				C7B47C5C1E280E7100D441BC /* TRCaroselCellView.xib in Resources */,
				C7B47C9E1E2816F200D441BC /* TRCustomError.xib in Resources */,
				C7B47C621E280E7100D441BC /* TRInviteView.xib in Resources */,
				C7B47B731E26FD2A00D441BC /* Main.storyboard in Resources */,
				C7B47CA11E2816F200D441BC /* TRErrorView.xib in Resources */,
				C7B47C841E280F5100D441BC /* TREventUpcomingWithCheckPointCell.xib in Resources */,
				C7B47C941E2813AC00D441BC /* TREventCommentCell.xib in Resources */,
				C7B47C661E280E7100D441BC /* TRSendChatMessageView.xib in Resources */,
				C7B47C6A1E280E7100D441BC /* TRWebView.xib in Resources */,
				C7B47C681E280E7100D441BC /* TRVerificationPromptView.xib in Resources */,
				C7B47C961E2813AC00D441BC /* TREventDescriptionCell.xib in Resources */,
				C7B47C8D1E28138500D441BC /* TRDatePicker.xib in Resources */,
				C7B47C601E280E7100D441BC /* TREventInfoPlayerCell.xib in Resources */,
			);
			runOnlyForDeploymentPostprocessing = 0;
		};
/* End PBXResourcesBuildPhase section */

/* Begin PBXShellScriptBuildPhase section */
		0DD7884756A2EA79419679A9 /* [CP] Embed Pods Frameworks */ = {
			isa = PBXShellScriptBuildPhase;
			buildActionMask = 2147483647;
			files = (
			);
			inputPaths = (
			);
			name = "[CP] Embed Pods Frameworks";
			outputPaths = (
			);
			runOnlyForDeploymentPostprocessing = 0;
			shellPath = /bin/sh;
			shellScript = "\"${SRCROOT}/Pods/Target Support Files/Pods-Overwatch/Pods-Overwatch-frameworks.sh\"\n";
			showEnvVarsInLog = 0;
		};
		4607AE516E024D917B6786E7 /* [CP] Copy Pods Resources */ = {
			isa = PBXShellScriptBuildPhase;
			buildActionMask = 2147483647;
			files = (
			);
			inputPaths = (
			);
			name = "[CP] Copy Pods Resources";
			outputPaths = (
			);
			runOnlyForDeploymentPostprocessing = 0;
			shellPath = /bin/sh;
			shellScript = "\"${SRCROOT}/Pods/Target Support Files/Pods-Overwatch/Pods-Overwatch-resources.sh\"\n";
			showEnvVarsInLog = 0;
		};
		6AF2171DF0FAD1DBB5554EDC /* [CP] Check Pods Manifest.lock */ = {
			isa = PBXShellScriptBuildPhase;
			buildActionMask = 2147483647;
			files = (
			);
			inputPaths = (
			);
			name = "[CP] Check Pods Manifest.lock";
			outputPaths = (
			);
			runOnlyForDeploymentPostprocessing = 0;
			shellPath = /bin/sh;
			shellScript = "diff \"${PODS_ROOT}/../Podfile.lock\" \"${PODS_ROOT}/Manifest.lock\" > /dev/null\nif [ $? != 0 ] ; then\n    # print error to STDERR\n    echo \"error: The sandbox is not in sync with the Podfile.lock. Run 'pod install' or update your CocoaPods installation.\" >&2\n    exit 1\nfi\n";
			showEnvVarsInLog = 0;
		};
/* End PBXShellScriptBuildPhase section */

/* Begin PBXSourcesBuildPhase section */
		C7B47B661E26FD2A00D441BC /* Sources */ = {
			isa = PBXSourcesBuildPhase;
			buildActionMask = 2147483647;
			files = (
				C7B47C031E2809DF00D441BC /* TRFetchBungieUser.swift in Sources */,
				C7B47C361E2809FC00D441BC /* TRCreatorInfo.swift in Sources */,
				C7B47C061E2809DF00D441BC /* TRGetAllDestinyGroups.swift in Sources */,
				C7B47C301E2809FC00D441BC /* TRActivityModifiersInfo.swift in Sources */,
				C7B47CC31E281A0E00D441BC /* TRSendReportViewController.swift in Sources */,
				C7B47C331E2809FC00D441BC /* TRCommentInfo.swift in Sources */,
				C7B47BC11E28086A00D441BC /* TRBungieLoginValidation.swift in Sources */,
				C7B47C5B1E280E7100D441BC /* TRCaroselCellView.swift in Sources */,
				C7B47B9E1E2807F800D441BC /* KSTokenField.swift in Sources */,
				C7B47BCB1E28086A00D441BC /* TRStoryBoardManager.swift in Sources */,
				C7B47C341E2809FC00D441BC /* TRConfigInfo.swift in Sources */,
				C7B47B701E26FD2A00D441BC /* ViewController.swift in Sources */,
				C7B47BBF1E28086A00D441BC /* TRApplicationManager.swift in Sources */,
				C7B47C171E2809DF00D441BC /* TRResendBungieVerification.swift in Sources */,
				C7B47BC71E28086A00D441BC /* TRNavInteractionAnimator.swift in Sources */,
				C7B47BCC1E28086A00D441BC /* UIApplicationExtension.swift in Sources */,
				C7B47C8C1E28138500D441BC /* TRDatePicker.swift in Sources */,
				C7B47C5F1E280E7100D441BC /* TREventInfoPlayerCell.swift in Sources */,
				C7B47CC51E281A0E00D441BC /* TRWebViewViewController.swift in Sources */,
				C7B47CB61E281A0E00D441BC /* TRBaseViewController.swift in Sources */,
				C7B47C5D1E280E7100D441BC /* TRErrorNotificationView.swift in Sources */,
				C7B47C081E2809DF00D441BC /* TRGetEventRequest.swift in Sources */,
				C7B47C0A1E2809DF00D441BC /* TRGetGroupByIDRequest.swift in Sources */,
				C7B47CC01E281A0E00D441BC /* TRMessageSentConfViewController.swift in Sources */,
				C7B47C011E2809DF00D441BC /* TRCreateEventRequest.swift in Sources */,
				C7B47C101E2809DF00D441BC /* TRJoinEventRequest.swift in Sources */,
				C7B47BFD1E2809DF00D441BC /* TRBungieUserAuthRequest.swift in Sources */,
				C7B47BC01E28086A00D441BC /* TRBranchManager.swift in Sources */,
				C7B47C831E280F5100D441BC /* TREventUpcomingWithCheckPointCell.swift in Sources */,
				C7B47C651E280E7100D441BC /* TRSendChatMessageView.swift in Sources */,
				C7B47C071E2809DF00D441BC /* TRGetConfigRequest.swift in Sources */,
				C7B47BC41E28086A00D441BC /* TRFunnelData.swift in Sources */,
				C7B47CC41E281A0E00D441BC /* TRSignInErrorViewController.swift in Sources */,
				C7B47C6D1E280EA700D441BC /* TRBaseEventTableCell.swift in Sources */,
				C7B47C711E280EC500D441BC /* TREventActivityCardCell.swift in Sources */,
				C7B47BBE1E28086A00D441BC /* StringExtension.swift in Sources */,
				C7B47C671E280E7100D441BC /* TRVerificationPromptView.swift in Sources */,
				C7B47C381E2809FC00D441BC /* TRInvitationInfo.swift in Sources */,
				C7B47CBB1E281A0E00D441BC /* TREventDetailViewController.swift in Sources */,
				C7B47C781E280EFA00D441BC /* TREventCurrentNoCheckPointCell.swift in Sources */,
				C7B47CB81E281A0E00D441BC /* TRChooseGroupViewController.swift in Sources */,
				C7B47C0D1E2809DF00D441BC /* TRHelmetUpdateRequest.swift in Sources */,
				C7B47C371E2809FC00D441BC /* TREventInfo.swift in Sources */,
				C7B47C931E2813AC00D441BC /* TREventCommentCell.swift in Sources */,
				C7B47BC21E28086A00D441BC /* TRDeepLinkObject.swift in Sources */,
				C7B47C1A1E2809DF00D441BC /* TRUpdateUser.swift in Sources */,
				C7B47C181E2809DF00D441BC /* TRSendPushMessage.swift in Sources */,
				C7B47CB71E281A0E00D441BC /* TRChangePasswordViewController.swift in Sources */,
				C7B47BC91E28086A00D441BC /* TRPushNotiController.swift in Sources */,
				C7B47C7A1E280EFA00D441BC /* TREventCurrentWithCheckPointCell.swift in Sources */,
				C7B47CA01E2816F200D441BC /* TRErrorView.swift in Sources */,
				C7B47C541E280E7100D441BC /* EventButton.swift in Sources */,
				C7B47B6E1E26FD2A00D441BC /* AppDelegate.swift in Sources */,
				C7B47C311E2809FC00D441BC /* TRAdCardInfo.swift in Sources */,
				C7B47CC21E281A0E00D441BC /* TRRootViewController.swift in Sources */,
				C7B47C2D1E2809FC00D441BC /* TRActiveStatePushInfo.swift in Sources */,
				C7B47BA01E2807F800D441BC /* KSUtils.swift in Sources */,
				C7B47C001E2809DF00D441BC /* TRCreateAReportRequest.swift in Sources */,
				C7B47CBC1E281A0E00D441BC /* TREventListViewController.swift in Sources */,
				C7B47C691E280E7100D441BC /* TRWebView.swift in Sources */,
				C7B47BFF1E2809DF00D441BC /* TRChangeConsoleRequest.swift in Sources */,
				C7B47C151E2809DF00D441BC /* TRRequest.swift in Sources */,
				C7B47C321E2809FC00D441BC /* TRBungieGroupInfo.swift in Sources */,
				C7B47C3C1E2809FC00D441BC /* TRUserInfo.swift in Sources */,
				C7B47BFC1E2809DF00D441BC /* TRBungieInvitationCompletionRequest.swift in Sources */,
				C7B47BC51E28086A00D441BC /* TRInsertLabel.swift in Sources */,
				C7B47C161E2809DF00D441BC /* TRRequestUpdateLegalRequest.swift in Sources */,
				C7B47BBA1E28086A00D441BC /* ArrayExtension.swift in Sources */,
				C7B47C021E2809DF00D441BC /* TRDeviceTokenRequest.swift in Sources */,
				C7B47C131E2809DF00D441BC /* TRPublicFeedRequest.swift in Sources */,
				C7B47BD01E28086A00D441BC /* ViewControllerExtension.swift in Sources */,
				C7B47BF91E2809DF00D441BC /* TRAddConsole.swift in Sources */,
				C7B47C631E280E7100D441BC /* TRPushNotificationView.swift in Sources */,
				C7B47CBF1E281A0E00D441BC /* TRLoginOptionViewController.swift in Sources */,
				C7B47C351E2809FC00D441BC /* TRConsoles.swift in Sources */,
				C7B47CBA1E281A0E00D441BC /* TRCreateEventViewController.swift in Sources */,
				C7B47CB91E281A0E00D441BC /* TRCreateEventFinalView.swift in Sources */,
				C7B47BC31E28086A00D441BC /* TRFireBaseManager.swift in Sources */,
				C7B47C091E2809DF00D441BC /* TRGetEventsList.swift in Sources */,
				C7B47BBC1E28086A00D441BC /* ExSlideMenuController.swift in Sources */,
				C7B47BBD1E28086A00D441BC /* NSDateExtension.swift in Sources */,
				C7B47C191E2809DF00D441BC /* TRUpdateGroupRequest.swift in Sources */,
				C7B47C811E280F5100D441BC /* TREventUpcomingNoCheckPointCell.swift in Sources */,
				C7B47CBD1E281A0E00D441BC /* TRForgotPasswordViewController.swift in Sources */,
				C7B47BFE1E2809DF00D441BC /* TRCancelEventInvitationRequest.swift in Sources */,
				C7B47BCD1E28086A00D441BC /* UISegmentedControlExtension.swift in Sources */,
				C7B47C0F1E2809DF00D441BC /* TRInviteRequestToBungie.swift in Sources */,
				C7B47C391E2809FC00D441BC /* TRLegalInfo.swift in Sources */,
				C7B47C2F1E2809FC00D441BC /* TRActivityInfo.swift in Sources */,
				C7B47C2E1E2809FC00D441BC /* TRActivityBonus.swift in Sources */,
				C7B47BF71E2809DF00D441BC /* NSBundleExtension.swift in Sources */,
				C7B47BCF1E28086A00D441BC /* Utility.swift in Sources */,
				C7B47C0C1E2809DF00D441BC /* TRGroupNotificationUpdateRequest.swift in Sources */,
				C7B47C8A1E28138500D441BC /* TRActivityCheckPointPicker.swift in Sources */,
				C7B47C1B1E2809DF00D441BC /* TRUpdateUserGroupRequest.swift in Sources */,
				C7B47C611E280E7100D441BC /* TRInviteView.swift in Sources */,
				C7B47BFA1E2809DF00D441BC /* TRAppTrackingRequest.swift in Sources */,
				C7B47BF81E2809DF00D441BC /* TRAcceptEventInvitationRequest.swift in Sources */,
				C7B47C0E1E2809DF00D441BC /* TRInvitePlayersRequest.swift in Sources */,
				C7B47C551E280E7100D441BC /* TRActivityIndicatorView.swift in Sources */,
				C7B47BFB1E2809DF00D441BC /* TRAuthenticationRequest.swift in Sources */,
				C7B47C041E2809DF00D441BC /* TRForgotPasswordRequest.swift in Sources */,
				C7B47C3A1E2809FC00D441BC /* TRLocationInfo.swift in Sources */,
				C7B47CC91E281B4F00D441BC /* TRConstants.swift in Sources */,
				C7B47B9D1E2807F800D441BC /* KSToken.swift in Sources */,
				C7B47C591E280E7100D441BC /* TRBungieGroupCell.swift in Sources */,
				C7B47BCA1E28086A00D441BC /* TRPushNotification.swift in Sources */,
				C7B47C571E280E7100D441BC /* TRActivitySelectionCell.swift in Sources */,
				C7B47BCE1E28086A00D441BC /* UIViewExtension.swift in Sources */,
				C7B47C051E2809DF00D441BC /* TRgetActivityList.swift in Sources */,
				C7B47C121E2809DF00D441BC /* TRLeaveEventRequest.swift in Sources */,
				C7B47BC81E28086A00D441BC /* TRNavTransitionAnimator.swift in Sources */,
				C7B47C0B1E2809DF00D441BC /* TRGetUserRequest.swift in Sources */,
				C7B47C9D1E2816F200D441BC /* TRCustomError.swift in Sources */,
				C7B47B9F1E2807F800D441BC /* KSTokenView.swift in Sources */,
				C7B47C951E2813AC00D441BC /* TREventDescriptionCell.swift in Sources */,
				C7B47C3B1E2809FC00D441BC /* TRPlayerInfo.swift in Sources */,
				C7B47C111E2809DF00D441BC /* TRKickInActiveUserRequest.swift in Sources */,
				C7B47CC11E281A0E00D441BC /* TRProfileViewController.swift in Sources */,
				C7B47CBE1E281A0E00D441BC /* TRLegalViewController.swift in Sources */,
				C7B47BC61E28086A00D441BC /* TRKeyChainHelper.swift in Sources */,
				C7B47C141E2809DF00D441BC /* TRReportComment.swift in Sources */,
			);
			runOnlyForDeploymentPostprocessing = 0;
		};
/* End PBXSourcesBuildPhase section */

/* Begin PBXVariantGroup section */
		C7B47B711E26FD2A00D441BC /* Main.storyboard */ = {
			isa = PBXVariantGroup;
			children = (
				C7B47B721E26FD2A00D441BC /* Base */,
			);
			name = Main.storyboard;
			sourceTree = "<group>";
		};
		C7B47B761E26FD2A00D441BC /* LaunchScreen.storyboard */ = {
			isa = PBXVariantGroup;
			children = (
				C7B47B771E26FD2A00D441BC /* Base */,
			);
			name = LaunchScreen.storyboard;
			sourceTree = "<group>";
		};
/* End PBXVariantGroup section */

/* Begin XCBuildConfiguration section */
		C7B47B7A1E26FD2A00D441BC /* Debug */ = {
			isa = XCBuildConfiguration;
			buildSettings = {
				ALWAYS_SEARCH_USER_PATHS = NO;
				CLANG_ANALYZER_NONNULL = YES;
				CLANG_CXX_LANGUAGE_STANDARD = "gnu++0x";
				CLANG_CXX_LIBRARY = "libc++";
				CLANG_ENABLE_MODULES = YES;
				CLANG_ENABLE_OBJC_ARC = YES;
				CLANG_WARN_BOOL_CONVERSION = YES;
				CLANG_WARN_CONSTANT_CONVERSION = YES;
				CLANG_WARN_DIRECT_OBJC_ISA_USAGE = YES_ERROR;
				CLANG_WARN_EMPTY_BODY = YES;
				CLANG_WARN_ENUM_CONVERSION = YES;
				CLANG_WARN_INT_CONVERSION = YES;
				CLANG_WARN_OBJC_ROOT_CLASS = YES_ERROR;
				CLANG_WARN_UNREACHABLE_CODE = YES;
				CLANG_WARN__DUPLICATE_METHOD_MATCH = YES;
				"CODE_SIGN_IDENTITY[sdk=iphoneos*]" = "iPhone Developer";
				COPY_PHASE_STRIP = NO;
				DEBUG_INFORMATION_FORMAT = dwarf;
				ENABLE_STRICT_OBJC_MSGSEND = YES;
				ENABLE_TESTABILITY = YES;
				GCC_C_LANGUAGE_STANDARD = gnu99;
				GCC_DYNAMIC_NO_PIC = NO;
				GCC_NO_COMMON_BLOCKS = YES;
				GCC_OPTIMIZATION_LEVEL = 0;
				GCC_PREPROCESSOR_DEFINITIONS = (
					"DEBUG=1",
					"$(inherited)",
				);
				GCC_WARN_64_TO_32_BIT_CONVERSION = YES;
				GCC_WARN_ABOUT_RETURN_TYPE = YES_ERROR;
				GCC_WARN_UNDECLARED_SELECTOR = YES;
				GCC_WARN_UNINITIALIZED_AUTOS = YES_AGGRESSIVE;
				GCC_WARN_UNUSED_FUNCTION = YES;
				GCC_WARN_UNUSED_VARIABLE = YES;
				IPHONEOS_DEPLOYMENT_TARGET = 9.3;
				MTL_ENABLE_DEBUG_INFO = YES;
				ONLY_ACTIVE_ARCH = YES;
				SDKROOT = iphoneos;
				SWIFT_OPTIMIZATION_LEVEL = "-Onone";
			};
			name = Debug;
		};
		C7B47B7B1E26FD2A00D441BC /* Release */ = {
			isa = XCBuildConfiguration;
			buildSettings = {
				ALWAYS_SEARCH_USER_PATHS = NO;
				CLANG_ANALYZER_NONNULL = YES;
				CLANG_CXX_LANGUAGE_STANDARD = "gnu++0x";
				CLANG_CXX_LIBRARY = "libc++";
				CLANG_ENABLE_MODULES = YES;
				CLANG_ENABLE_OBJC_ARC = YES;
				CLANG_WARN_BOOL_CONVERSION = YES;
				CLANG_WARN_CONSTANT_CONVERSION = YES;
				CLANG_WARN_DIRECT_OBJC_ISA_USAGE = YES_ERROR;
				CLANG_WARN_EMPTY_BODY = YES;
				CLANG_WARN_ENUM_CONVERSION = YES;
				CLANG_WARN_INT_CONVERSION = YES;
				CLANG_WARN_OBJC_ROOT_CLASS = YES_ERROR;
				CLANG_WARN_UNREACHABLE_CODE = YES;
				CLANG_WARN__DUPLICATE_METHOD_MATCH = YES;
				"CODE_SIGN_IDENTITY[sdk=iphoneos*]" = "iPhone Developer";
				COPY_PHASE_STRIP = NO;
				DEBUG_INFORMATION_FORMAT = "dwarf-with-dsym";
				ENABLE_NS_ASSERTIONS = NO;
				ENABLE_STRICT_OBJC_MSGSEND = YES;
				GCC_C_LANGUAGE_STANDARD = gnu99;
				GCC_NO_COMMON_BLOCKS = YES;
				GCC_WARN_64_TO_32_BIT_CONVERSION = YES;
				GCC_WARN_ABOUT_RETURN_TYPE = YES_ERROR;
				GCC_WARN_UNDECLARED_SELECTOR = YES;
				GCC_WARN_UNINITIALIZED_AUTOS = YES_AGGRESSIVE;
				GCC_WARN_UNUSED_FUNCTION = YES;
				GCC_WARN_UNUSED_VARIABLE = YES;
				IPHONEOS_DEPLOYMENT_TARGET = 9.3;
				MTL_ENABLE_DEBUG_INFO = NO;
				SDKROOT = iphoneos;
				VALIDATE_PRODUCT = YES;
			};
			name = Release;
		};
		C7B47B7D1E26FD2A00D441BC /* Debug */ = {
			isa = XCBuildConfiguration;
			baseConfigurationReference = 0787CB42092EA97F3EAC14F1 /* Pods-Overwatch.debug.xcconfig */;
			buildSettings = {
				ASSETCATALOG_COMPILER_APPICON_NAME = AppIcon;
				CODE_SIGN_ENTITLEMENTS = Overwatch/Overwatch.entitlements;
				CODE_SIGN_IDENTITY = "iPhone Developer: Luis Godoy (BWLK4MVF83)";
				DEFINES_MODULE = YES;
				INFOPLIST_FILE = Overwatch/Info.plist;
				IPHONEOS_DEPLOYMENT_TARGET = 8.0;
				LD_RUNPATH_SEARCH_PATHS = "$(inherited) @executable_path/Frameworks";
				PRODUCT_BUNDLE_IDENTIFIER = co.crossroadsapp.overwatch;
				PRODUCT_NAME = "$(TARGET_NAME)";
				PROVISIONING_PROFILE = "d8628fc9-bd9e-4402-91e2-b95734191836";
				SWIFT_OBJC_BRIDGING_HEADER = "Overwatch-Bridging-Header.h";
				USER_HEADER_SEARCH_PATHS = "$(BUILT_PRODUCTS_DIR)/**";
			};
			name = Debug;
		};
		C7B47B7E1E26FD2A00D441BC /* Release */ = {
			isa = XCBuildConfiguration;
			baseConfigurationReference = 44485F9F3EB9A61B7168773D /* Pods-Overwatch.release.xcconfig */;
			buildSettings = {
				ASSETCATALOG_COMPILER_APPICON_NAME = AppIcon;
				CODE_SIGN_ENTITLEMENTS = Overwatch/Overwatch.entitlements;
				CODE_SIGN_IDENTITY = "iPhone Developer: Luis Godoy (BWLK4MVF83)";
				DEFINES_MODULE = YES;
				INFOPLIST_FILE = Overwatch/Info.plist;
				IPHONEOS_DEPLOYMENT_TARGET = 8.0;
				LD_RUNPATH_SEARCH_PATHS = "$(inherited) @executable_path/Frameworks";
				PRODUCT_BUNDLE_IDENTIFIER = co.crossroadsapp.overwatch;
				PRODUCT_NAME = "$(TARGET_NAME)";
				PROVISIONING_PROFILE = "d8628fc9-bd9e-4402-91e2-b95734191836";
				SWIFT_OBJC_BRIDGING_HEADER = "Overwatch-Bridging-Header.h";
				USER_HEADER_SEARCH_PATHS = "$(BUILT_PRODUCTS_DIR)/**";
			};
			name = Release;
		};
/* End XCBuildConfiguration section */

/* Begin XCConfigurationList section */
		C7B47B651E26FD2A00D441BC /* Build configuration list for PBXProject "Overwatch" */ = {
			isa = XCConfigurationList;
			buildConfigurations = (
				C7B47B7A1E26FD2A00D441BC /* Debug */,
				C7B47B7B1E26FD2A00D441BC /* Release */,
			);
			defaultConfigurationIsVisible = 0;
			defaultConfigurationName = Release;
		};
		C7B47B7C1E26FD2A00D441BC /* Build configuration list for PBXNativeTarget "Overwatch" */ = {
			isa = XCConfigurationList;
			buildConfigurations = (
				C7B47B7D1E26FD2A00D441BC /* Debug */,
				C7B47B7E1E26FD2A00D441BC /* Release */,
			);
			defaultConfigurationIsVisible = 0;
			defaultConfigurationName = Release;
		};
/* End XCConfigurationList section */
	};
	rootObject = C7B47B621E26FD2A00D441BC /* Project object */;
}
